// !$*UTF8*$!
{
	archiveVersion = 1;
	classes = {
	};
	objectVersion = 46;
	objects = {

/* Begin PBXBuildFile section */
		31A4FB241C0DDE1800A1CF70 /* main.m in Sources */ = {isa = PBXBuildFile; fileRef = 31A4FB231C0DDE1800A1CF70 /* main.m */; };
		31A4FB271C0DDE1800A1CF70 /* AppDelegate.m in Sources */ = {isa = PBXBuildFile; fileRef = 31A4FB261C0DDE1800A1CF70 /* AppDelegate.m */; };
		31A4FB2A1C0DDE1800A1CF70 /* ViewController.m in Sources */ = {isa = PBXBuildFile; fileRef = 31A4FB291C0DDE1800A1CF70 /* ViewController.m */; };
		31A4FB2D1C0DDE1800A1CF70 /* Main.storyboard in Resources */ = {isa = PBXBuildFile; fileRef = 31A4FB2B1C0DDE1800A1CF70 /* Main.storyboard */; };
		31A4FB2F1C0DDE1800A1CF70 /* Assets.xcassets in Resources */ = {isa = PBXBuildFile; fileRef = 31A4FB2E1C0DDE1800A1CF70 /* Assets.xcassets */; };
		31A4FB321C0DDE1800A1CF70 /* LaunchScreen.storyboard in Resources */ = {isa = PBXBuildFile; fileRef = 31A4FB301C0DDE1800A1CF70 /* LaunchScreen.storyboard */; };
		31A4FB3F1C0DE28100A1CF70 /* YDChatData.m in Sources */ = {isa = PBXBuildFile; fileRef = 31A4FB3E1C0DE28100A1CF70 /* YDChatData.m */; };
		31A4FB421C0DEF2300A1CF70 /* YDChatTableView.m in Sources */ = {isa = PBXBuildFile; fileRef = 31A4FB411C0DEF2300A1CF70 /* YDChatTableView.m */; };
		31A4FB451C0E9DA000A1CF70 /* YDChatTableViewHeaderCell.m in Sources */ = {isa = PBXBuildFile; fileRef = 31A4FB441C0E9DA000A1CF70 /* YDChatTableViewHeaderCell.m */; };
		31A4FB481C0EA0F400A1CF70 /* YDChatTableViewCell.m in Sources */ = {isa = PBXBuildFile; fileRef = 31A4FB471C0EA0F400A1CF70 /* YDChatTableViewCell.m */; };
		31A4FB4D1C0FEAD300A1CF70 /* yoububble.jpg in Resources */ = {isa = PBXBuildFile; fileRef = 31A4FB4C1C0FEAD300A1CF70 /* yoububble.jpg */; };
		31A4FB4F1C0FEB2C00A1CF70 /* mebubble.png in Resources */ = {isa = PBXBuildFile; fileRef = 31A4FB4E1C0FEB2C00A1CF70 /* mebubble.png */; };
		31A4FB521C0FECAB00A1CF70 /* YDChatUser.m in Sources */ = {isa = PBXBuildFile; fileRef = 31A4FB511C0FECAB00A1CF70 /* YDChatUser.m */; };
/* End PBXBuildFile section */

/* Begin PBXFileReference section */
		31A4FB1F1C0DDE1800A1CF70 /* YDChatApp.app */ = {isa = PBXFileReference; explicitFileType = wrapper.application; includeInIndex = 0; path = YDChatApp.app; sourceTree = BUILT_PRODUCTS_DIR; };
		31A4FB231C0DDE1800A1CF70 /* main.m */ = {isa = PBXFileReference; lastKnownFileType = sourcecode.c.objc; path = main.m; sourceTree = "<group>"; };
		31A4FB251C0DDE1800A1CF70 /* AppDelegate.h */ = {isa = PBXFileReference; lastKnownFileType = sourcecode.c.h; path = AppDelegate.h; sourceTree = "<group>"; };
		31A4FB261C0DDE1800A1CF70 /* AppDelegate.m */ = {isa = PBXFileReference; lastKnownFileType = sourcecode.c.objc; path = AppDelegate.m; sourceTree = "<group>"; };
		31A4FB281C0DDE1800A1CF70 /* ViewController.h */ = {isa = PBXFileReference; lastKnownFileType = sourcecode.c.h; path = ViewController.h; sourceTree = "<group>"; };
		31A4FB291C0DDE1800A1CF70 /* ViewController.m */ = {isa = PBXFileReference; lastKnownFileType = sourcecode.c.objc; path = ViewController.m; sourceTree = "<group>"; };
		31A4FB2C1C0DDE1800A1CF70 /* Base */ = {isa = PBXFileReference; lastKnownFileType = file.storyboard; name = Base; path = Base.lproj/Main.storyboard; sourceTree = "<group>"; };
		31A4FB2E1C0DDE1800A1CF70 /* Assets.xcassets */ = {isa = PBXFileReference; lastKnownFileType = folder.assetcatalog; path = Assets.xcassets; sourceTree = "<group>"; };
		31A4FB311C0DDE1800A1CF70 /* Base */ = {isa = PBXFileReference; lastKnownFileType = file.storyboard; name = Base; path = Base.lproj/LaunchScreen.storyboard; sourceTree = "<group>"; };
		31A4FB331C0DDE1800A1CF70 /* Info.plist */ = {isa = PBXFileReference; lastKnownFileType = text.plist.xml; path = Info.plist; sourceTree = "<group>"; };
		31A4FB3A1C0DDEC800A1CF70 /* YDChatTableViewDataSource.h */ = {isa = PBXFileReference; fileEncoding = 4; lastKnownFileType = sourcecode.c.h; path = YDChatTableViewDataSource.h; sourceTree = "<group>"; };
		31A4FB3D1C0DE00600A1CF70 /* YDChatData.h */ = {isa = PBXFileReference; lastKnownFileType = sourcecode.c.h; path = YDChatData.h; sourceTree = "<group>"; };
		31A4FB3E1C0DE28100A1CF70 /* YDChatData.m */ = {isa = PBXFileReference; fileEncoding = 4; lastKnownFileType = sourcecode.c.objc; path = YDChatData.m; sourceTree = "<group>"; };
		31A4FB401C0DEF2300A1CF70 /* YDChatTableView.h */ = {isa = PBXFileReference; fileEncoding = 4; lastKnownFileType = sourcecode.c.h; path = YDChatTableView.h; sourceTree = "<group>"; };
		31A4FB411C0DEF2300A1CF70 /* YDChatTableView.m */ = {isa = PBXFileReference; fileEncoding = 4; lastKnownFileType = sourcecode.c.objc; path = YDChatTableView.m; sourceTree = "<group>"; };
		31A4FB431C0E9DA000A1CF70 /* YDChatTableViewHeaderCell.h */ = {isa = PBXFileReference; fileEncoding = 4; lastKnownFileType = sourcecode.c.h; path = YDChatTableViewHeaderCell.h; sourceTree = "<group>"; };
		31A4FB441C0E9DA000A1CF70 /* YDChatTableViewHeaderCell.m */ = {isa = PBXFileReference; fileEncoding = 4; lastKnownFileType = sourcecode.c.objc; path = YDChatTableViewHeaderCell.m; sourceTree = "<group>"; };
		31A4FB461C0EA0F400A1CF70 /* YDChatTableViewCell.h */ = {isa = PBXFileReference; fileEncoding = 4; lastKnownFileType = sourcecode.c.h; path = YDChatTableViewCell.h; sourceTree = "<group>"; };
		31A4FB471C0EA0F400A1CF70 /* YDChatTableViewCell.m */ = {isa = PBXFileReference; fileEncoding = 4; lastKnownFileType = sourcecode.c.objc; path = YDChatTableViewCell.m; sourceTree = "<group>"; };
		31A4FB4C1C0FEAD300A1CF70 /* yoububble.jpg */ = {isa = PBXFileReference; lastKnownFileType = image.jpeg; name = yoububble.jpg; path = ../../../../../Pictures/FOTO/yoububble.jpg; sourceTree = "<group>"; };
		31A4FB4E1C0FEB2C00A1CF70 /* mebubble.png */ = {isa = PBXFileReference; lastKnownFileType = image.png; name = mebubble.png; path = ../../../../../Pictures/FOTO/mebubble.png; sourceTree = "<group>"; };
		31A4FB501C0FECAB00A1CF70 /* YDChatUser.h */ = {isa = PBXFileReference; fileEncoding = 4; lastKnownFileType = sourcecode.c.h; path = YDChatUser.h; sourceTree = "<group>"; };
		31A4FB511C0FECAB00A1CF70 /* YDChatUser.m */ = {isa = PBXFileReference; fileEncoding = 4; lastKnownFileType = sourcecode.c.objc; path = YDChatUser.m; sourceTree = "<group>"; };
/* End PBXFileReference section */

/* Begin PBXFrameworksBuildPhase section */
		31A4FB1C1C0DDE1800A1CF70 /* Frameworks */ = {
			isa = PBXFrameworksBuildPhase;
			buildActionMask = 2147483647;
			files = (
			);
			runOnlyForDeploymentPostprocessing = 0;
		};
/* End PBXFrameworksBuildPhase section */

/* Begin PBXGroup section */
		31A4FB161C0DDE1800A1CF70 = {
			isa = PBXGroup;
			children = (
				31A4FB211C0DDE1800A1CF70 /* YDChatApp */,
				31A4FB201C0DDE1800A1CF70 /* Products */,
			);
			sourceTree = "<group>";
		};
		31A4FB201C0DDE1800A1CF70 /* Products */ = {
			isa = PBXGroup;
			children = (
				31A4FB1F1C0DDE1800A1CF70 /* YDChatApp.app */,
			);
			name = Products;
			sourceTree = "<group>";
		};
		31A4FB211C0DDE1800A1CF70 /* YDChatApp */ = {
			isa = PBXGroup;
			children = (
				31A4FB4B1C0FEA8C00A1CF70 /* Images */,
				31A4FB251C0DDE1800A1CF70 /* AppDelegate.h */,
				31A4FB261C0DDE1800A1CF70 /* AppDelegate.m */,
				31A4FB281C0DDE1800A1CF70 /* ViewController.h */,
				31A4FB291C0DDE1800A1CF70 /* ViewController.m */,
				31A4FB2B1C0DDE1800A1CF70 /* Main.storyboard */,
				31A4FB2E1C0DDE1800A1CF70 /* Assets.xcassets */,
				31A4FB301C0DDE1800A1CF70 /* LaunchScreen.storyboard */,
				31A4FB331C0DDE1800A1CF70 /* Info.plist */,
				31A4FB221C0DDE1800A1CF70 /* Supporting Files */,
				31A4FB3A1C0DDEC800A1CF70 /* YDChatTableViewDataSource.h */,
				31A4FB3D1C0DE00600A1CF70 /* YDChatData.h */,
				31A4FB3E1C0DE28100A1CF70 /* YDChatData.m */,
				31A4FB401C0DEF2300A1CF70 /* YDChatTableView.h */,
				31A4FB411C0DEF2300A1CF70 /* YDChatTableView.m */,
				31A4FB431C0E9DA000A1CF70 /* YDChatTableViewHeaderCell.h */,
				31A4FB441C0E9DA000A1CF70 /* YDChatTableViewHeaderCell.m */,
				31A4FB461C0EA0F400A1CF70 /* YDChatTableViewCell.h */,
				31A4FB471C0EA0F400A1CF70 /* YDChatTableViewCell.m */,
				31A4FB501C0FECAB00A1CF70 /* YDChatUser.h */,
				31A4FB511C0FECAB00A1CF70 /* YDChatUser.m */,
			);
			path = YDChatApp;
			sourceTree = "<group>";
		};
		31A4FB221C0DDE1800A1CF70 /* Supporting Files */ = {
			isa = PBXGroup;
			children = (
				31A4FB231C0DDE1800A1CF70 /* main.m */,
			);
			name = "Supporting Files";
			sourceTree = "<group>";
		};
		31A4FB4B1C0FEA8C00A1CF70 /* Images */ = {
			isa = PBXGroup;
			children = (
				31A4FB4E1C0FEB2C00A1CF70 /* mebubble.png */,
				31A4FB4C1C0FEAD300A1CF70 /* yoububble.jpg */,
			);
			name = Images;
			sourceTree = "<group>";
		};
/* End PBXGroup section */

/* Begin PBXNativeTarget section */
		31A4FB1E1C0DDE1800A1CF70 /* YDChatApp */ = {
			isa = PBXNativeTarget;
			buildConfigurationList = 31A4FB361C0DDE1800A1CF70 /* Build configuration list for PBXNativeTarget "YDChatApp" */;
			buildPhases = (
				31A4FB1B1C0DDE1800A1CF70 /* Sources */,
				31A4FB1C1C0DDE1800A1CF70 /* Frameworks */,
				31A4FB1D1C0DDE1800A1CF70 /* Resources */,
			);
			buildRules = (
			);
			dependencies = (
			);
			name = YDChatApp;
			productName = YDChatApp;
			productReference = 31A4FB1F1C0DDE1800A1CF70 /* YDChatApp.app */;
			productType = "com.apple.product-type.application";
		};
/* End PBXNativeTarget section */

/* Begin PBXProject section */
		31A4FB171C0DDE1800A1CF70 /* Project object */ = {
			isa = PBXProject;
			attributes = {
				LastUpgradeCheck = 0710;
				ORGANIZATIONNAME = lnmcc;
				TargetAttributes = {
					31A4FB1E1C0DDE1800A1CF70 = {
						CreatedOnToolsVersion = 7.1.1;
						DevelopmentTeam = 86T226662Y;
					};
				};
			};
			buildConfigurationList = 31A4FB1A1C0DDE1800A1CF70 /* Build configuration list for PBXProject "YDChatApp" */;
			compatibilityVersion = "Xcode 3.2";
			developmentRegion = English;
			hasScannedForEncodings = 0;
			knownRegions = (
				en,
				Base,
			);
			mainGroup = 31A4FB161C0DDE1800A1CF70;
			productRefGroup = 31A4FB201C0DDE1800A1CF70 /* Products */;
			projectDirPath = "";
			projectRoot = "";
			targets = (
				31A4FB1E1C0DDE1800A1CF70 /* YDChatApp */,
			);
		};
/* End PBXProject section */

/* Begin PBXResourcesBuildPhase section */
		31A4FB1D1C0DDE1800A1CF70 /* Resources */ = {
			isa = PBXResourcesBuildPhase;
			buildActionMask = 2147483647;
			files = (
				31A4FB4D1C0FEAD300A1CF70 /* yoububble.jpg in Resources */,
				31A4FB321C0DDE1800A1CF70 /* LaunchScreen.storyboard in Resources */,
				31A4FB2F1C0DDE1800A1CF70 /* Assets.xcassets in Resources */,
				31A4FB2D1C0DDE1800A1CF70 /* Main.storyboard in Resources */,
				31A4FB4F1C0FEB2C00A1CF70 /* mebubble.png in Resources */,
			);
			runOnlyForDeploymentPostprocessing = 0;
		};
/* End PBXResourcesBuildPhase section */

/* Begin PBXSourcesBuildPhase section */
		31A4FB1B1C0DDE1800A1CF70 /* Sources */ = {
			isa = PBXSourcesBuildPhase;
			buildActionMask = 2147483647;
			files = (
				31A4FB481C0EA0F400A1CF70 /* YDChatTableViewCell.m in Sources */,
				31A4FB2A1C0DDE1800A1CF70 /* ViewController.m in Sources */,
				31A4FB271C0DDE1800A1CF70 /* AppDelegate.m in Sources */,
				31A4FB521C0FECAB00A1CF70 /* YDChatUser.m in Sources */,
				31A4FB3F1C0DE28100A1CF70 /* YDChatData.m in Sources */,
				31A4FB451C0E9DA000A1CF70 /* YDChatTableViewHeaderCell.m in Sources */,
				31A4FB241C0DDE1800A1CF70 /* main.m in Sources */,
				31A4FB421C0DEF2300A1CF70 /* YDChatTableView.m in Sources */,
			);
			runOnlyForDeploymentPostprocessing = 0;
		};
/* End PBXSourcesBuildPhase section */

/* Begin PBXVariantGroup section */
		31A4FB2B1C0DDE1800A1CF70 /* Main.storyboard */ = {
			isa = PBXVariantGroup;
			children = (
				31A4FB2C1C0DDE1800A1CF70 /* Base */,
			);
			name = Main.storyboard;
			sourceTree = "<group>";
		};
		31A4FB301C0DDE1800A1CF70 /* LaunchScreen.storyboard */ = {
			isa = PBXVariantGroup;
			children = (
				31A4FB311C0DDE1800A1CF70 /* Base */,
			);
			name = LaunchScreen.storyboard;
			sourceTree = "<group>";
		};
/* End PBXVariantGroup section */

/* Begin XCBuildConfiguration section */
		31A4FB341C0DDE1800A1CF70 /* Debug */ = {
			isa = XCBuildConfiguration;
			buildSettings = {
				ALWAYS_SEARCH_USER_PATHS = NO;
				CLANG_CXX_LANGUAGE_STANDARD = "gnu++0x";
				CLANG_CXX_LIBRARY = "libc++";
				CLANG_ENABLE_MODULES = YES;
				CLANG_ENABLE_OBJC_ARC = YES;
				CLANG_WARN_BOOL_CONVERSION = YES;
				CLANG_WARN_CONSTANT_CONVERSION = YES;
				CLANG_WARN_DIRECT_OBJC_ISA_USAGE = YES_ERROR;
				CLANG_WARN_EMPTY_BODY = YES;
				CLANG_WARN_ENUM_CONVERSION = YES;
				CLANG_WARN_INT_CONVERSION = YES;
				CLANG_WARN_OBJC_ROOT_CLASS = YES_ERROR;
				CLANG_WARN_UNREACHABLE_CODE = YES;
				CLANG_WARN__DUPLICATE_METHOD_MATCH = YES;
				"CODE_SIGN_IDENTITY[sdk=iphoneos*]" = "iPhone Developer";
				COPY_PHASE_STRIP = NO;
				DEBUG_INFORMATION_FORMAT = dwarf;
				ENABLE_STRICT_OBJC_MSGSEND = YES;
				ENABLE_TESTABILITY = YES;
				GCC_C_LANGUAGE_STANDARD = gnu99;
				GCC_DYNAMIC_NO_PIC = NO;
				GCC_NO_COMMON_BLOCKS = YES;
				GCC_OPTIMIZATION_LEVEL = 0;
				GCC_PREPROCESSOR_DEFINITIONS = (
					"DEBUG=1",
					"$(inherited)",
				);
				GCC_WARN_64_TO_32_BIT_CONVERSION = YES;
				GCC_WARN_ABOUT_RETURN_TYPE = YES_ERROR;
				GCC_WARN_UNDECLARED_SELECTOR = YES;
				GCC_WARN_UNINITIALIZED_AUTOS = YES_AGGRESSIVE;
				GCC_WARN_UNUSED_FUNCTION = YES;
				GCC_WARN_UNUSED_VARIABLE = YES;
				IPHONEOS_DEPLOYMENT_TARGET = 9.1;
				MTL_ENABLE_DEBUG_INFO = YES;
				ONLY_ACTIVE_ARCH = YES;
				SDKROOT = iphoneos;
			};
			name = Debug;
		};
		31A4FB351C0DDE1800A1CF70 /* Release */ = {
			isa = XCBuildConfiguration;
			buildSettings = {
				ALWAYS_SEARCH_USER_PATHS = NO;
				CLANG_CXX_LANGUAGE_STANDARD = "gnu++0x";
				CLANG_CXX_LIBRARY = "libc++";
				CLANG_ENABLE_MODULES = YES;
				CLANG_ENABLE_OBJC_ARC = YES;
				CLANG_WARN_BOOL_CONVERSION = YES;
				CLANG_WARN_CONSTANT_CONVERSION = YES;
				CLANG_WARN_DIRECT_OBJC_ISA_USAGE = YES_ERROR;
				CLANG_WARN_EMPTY_BODY = YES;
				CLANG_WARN_ENUM_CONVERSION = YES;
				CLANG_WARN_INT_CONVERSION = YES;
				CLANG_WARN_OBJC_ROOT_CLASS = YES_ERROR;
				CLANG_WARN_UNREACHABLE_CODE = YES;
				CLANG_WARN__DUPLICATE_METHOD_MATCH = YES;
				"CODE_SIGN_IDENTITY[sdk=iphoneos*]" = "iPhone Developer";
				COPY_PHASE_STRIP = NO;
				DEBUG_INFORMATION_FORMAT = "dwarf-with-dsym";
				ENABLE_NS_ASSERTIONS = NO;
				ENABLE_STRICT_OBJC_MSGSEND = YES;
				GCC_C_LANGUAGE_STANDARD = gnu99;
				GCC_NO_COMMON_BLOCKS = YES;
				GCC_WARN_64_TO_32_BIT_CONVERSION = YES;
				GCC_WARN_ABOUT_RETURN_TYPE = YES_ERROR;
				GCC_WARN_UNDECLARED_SELECTOR = YES;
				GCC_WARN_UNINITIALIZED_AUTOS = YES_AGGRESSIVE;
				GCC_WARN_UNUSED_FUNCTION = YES;
				GCC_WARN_UNUSED_VARIABLE = YES;
				IPHONEOS_DEPLOYMENT_TARGET = 9.1;
				MTL_ENABLE_DEBUG_INFO = NO;
				SDKROOT = iphoneos;
				VALIDATE_PRODUCT = YES;
			};
			name = Release;
		};
		31A4FB371C0DDE1800A1CF70 /* Debug */ = {
			isa = XCBuildConfiguration;
			buildSettings = {
				ASSETCATALOG_COMPILER_APPICON_NAME = AppIcon;
				INFOPLIST_FILE = YDChatApp/Info.plist;
				LD_RUNPATH_SEARCH_PATHS = "$(inherited) @executable_path/Frameworks";
				PRODUCT_BUNDLE_IDENTIFIER = net.lnmcc.YDChatApp;
				PRODUCT_NAME = "$(TARGET_NAME)";
			};
			name = Debug;
		};
		31A4FB381C0DDE1800A1CF70 /* Release */ = {
			isa = XCBuildConfiguration;
			buildSettings = {
				ASSETCATALOG_COMPILER_APPICON_NAME = AppIcon;
				INFOPLIST_FILE = YDChatApp/Info.plist;
				LD_RUNPATH_SEARCH_PATHS = "$(inherited) @executable_path/Frameworks";
				PRODUCT_BUNDLE_IDENTIFIER = net.lnmcc.YDChatApp;
				PRODUCT_NAME = "$(TARGET_NAME)";
			};
			name = Release;
		};
/* End XCBuildConfiguration section */

/* Begin XCConfigurationList section */
		31A4FB1A1C0DDE1800A1CF70 /* Build configuration list for PBXProject "YDChatApp" */ = {
			isa = XCConfigurationList;
			buildConfigurations = (
				31A4FB341C0DDE1800A1CF70 /* Debug */,
				31A4FB351C0DDE1800A1CF70 /* Release */,
			);
			defaultConfigurationIsVisible = 0;
			defaultConfigurationName = Release;
		};
		31A4FB361C0DDE1800A1CF70 /* Build configuration list for PBXNativeTarget "YDChatApp" */ = {
			isa = XCConfigurationList;
			buildConfigurations = (
				31A4FB371C0DDE1800A1CF70 /* Debug */,
				31A4FB381C0DDE1800A1CF70 /* Release */,
			);
			defaultConfigurationIsVisible = 0;
		};
/* End XCConfigurationList section */
	};
	rootObject = 31A4FB171C0DDE1800A1CF70 /* Project object */;
}
