// !$*UTF8*$!
{
	archiveVersion = 1;
	classes = {
	};
	objectVersion = 46;
	objects = {

/* Begin PBXBuildFile section */
		310DD4AC1B29E0FE00FD22B3 /* main.m in Sources */ = {isa = PBXBuildFile; fileRef = 310DD4AB1B29E0FE00FD22B3 /* main.m */; };
		310DD4AF1B29E0FE00FD22B3 /* AppDelegate.m in Sources */ = {isa = PBXBuildFile; fileRef = 310DD4AE1B29E0FE00FD22B3 /* AppDelegate.m */; };
		310DD4B21B29E0FE00FD22B3 /* ViewController.m in Sources */ = {isa = PBXBuildFile; fileRef = 310DD4B11B29E0FE00FD22B3 /* ViewController.m */; };
		310DD4B51B29E0FE00FD22B3 /* Main.storyboard in Resources */ = {isa = PBXBuildFile; fileRef = 310DD4B31B29E0FE00FD22B3 /* Main.storyboard */; };
		310DD4B71B29E0FE00FD22B3 /* Images.xcassets in Resources */ = {isa = PBXBuildFile; fileRef = 310DD4B61B29E0FE00FD22B3 /* Images.xcassets */; };
		310DD4BA1B29E0FE00FD22B3 /* LaunchScreen.xib in Resources */ = {isa = PBXBuildFile; fileRef = 310DD4B81B29E0FE00FD22B3 /* LaunchScreen.xib */; };
		310DD4C61B29E0FE00FD22B3 /* TestSettingsTests.m in Sources */ = {isa = PBXBuildFile; fileRef = 310DD4C51B29E0FE00FD22B3 /* TestSettingsTests.m */; };
		310DD4D01B29E14E00FD22B3 /* Settings.bundle in Resources */ = {isa = PBXBuildFile; fileRef = 310DD4CF1B29E14E00FD22B3 /* Settings.bundle */; };
/* End PBXBuildFile section */

/* Begin PBXContainerItemProxy section */
		310DD4C01B29E0FE00FD22B3 /* PBXContainerItemProxy */ = {
			isa = PBXContainerItemProxy;
			containerPortal = 310DD49E1B29E0FE00FD22B3 /* Project object */;
			proxyType = 1;
			remoteGlobalIDString = 310DD4A51B29E0FE00FD22B3;
			remoteInfo = TestSettings;
		};
/* End PBXContainerItemProxy section */

/* Begin PBXFileReference section */
		310DD4A61B29E0FE00FD22B3 /* TestSettings.app */ = {isa = PBXFileReference; explicitFileType = wrapper.application; includeInIndex = 0; path = TestSettings.app; sourceTree = BUILT_PRODUCTS_DIR; };
		310DD4AA1B29E0FE00FD22B3 /* Info.plist */ = {isa = PBXFileReference; lastKnownFileType = text.plist.xml; path = Info.plist; sourceTree = "<group>"; };
		310DD4AB1B29E0FE00FD22B3 /* main.m */ = {isa = PBXFileReference; lastKnownFileType = sourcecode.c.objc; path = main.m; sourceTree = "<group>"; };
		310DD4AD1B29E0FE00FD22B3 /* AppDelegate.h */ = {isa = PBXFileReference; lastKnownFileType = sourcecode.c.h; path = AppDelegate.h; sourceTree = "<group>"; };
		310DD4AE1B29E0FE00FD22B3 /* AppDelegate.m */ = {isa = PBXFileReference; lastKnownFileType = sourcecode.c.objc; path = AppDelegate.m; sourceTree = "<group>"; };
		310DD4B01B29E0FE00FD22B3 /* ViewController.h */ = {isa = PBXFileReference; lastKnownFileType = sourcecode.c.h; path = ViewController.h; sourceTree = "<group>"; };
		310DD4B11B29E0FE00FD22B3 /* ViewController.m */ = {isa = PBXFileReference; lastKnownFileType = sourcecode.c.objc; path = ViewController.m; sourceTree = "<group>"; };
		310DD4B41B29E0FE00FD22B3 /* Base */ = {isa = PBXFileReference; lastKnownFileType = file.storyboard; name = Base; path = Base.lproj/Main.storyboard; sourceTree = "<group>"; };
		310DD4B61B29E0FE00FD22B3 /* Images.xcassets */ = {isa = PBXFileReference; lastKnownFileType = folder.assetcatalog; path = Images.xcassets; sourceTree = "<group>"; };
		310DD4B91B29E0FE00FD22B3 /* Base */ = {isa = PBXFileReference; lastKnownFileType = file.xib; name = Base; path = Base.lproj/LaunchScreen.xib; sourceTree = "<group>"; };
		310DD4BF1B29E0FE00FD22B3 /* TestSettingsTests.xctest */ = {isa = PBXFileReference; explicitFileType = wrapper.cfbundle; includeInIndex = 0; path = TestSettingsTests.xctest; sourceTree = BUILT_PRODUCTS_DIR; };
		310DD4C41B29E0FE00FD22B3 /* Info.plist */ = {isa = PBXFileReference; lastKnownFileType = text.plist.xml; path = Info.plist; sourceTree = "<group>"; };
		310DD4C51B29E0FE00FD22B3 /* TestSettingsTests.m */ = {isa = PBXFileReference; lastKnownFileType = sourcecode.c.objc; path = TestSettingsTests.m; sourceTree = "<group>"; };
		310DD4CF1B29E14E00FD22B3 /* Settings.bundle */ = {isa = PBXFileReference; lastKnownFileType = "wrapper.plug-in"; path = Settings.bundle; sourceTree = "<group>"; };
/* End PBXFileReference section */

/* Begin PBXFrameworksBuildPhase section */
		310DD4A31B29E0FE00FD22B3 /* Frameworks */ = {
			isa = PBXFrameworksBuildPhase;
			buildActionMask = 2147483647;
			files = (
			);
			runOnlyForDeploymentPostprocessing = 0;
		};
		310DD4BC1B29E0FE00FD22B3 /* Frameworks */ = {
			isa = PBXFrameworksBuildPhase;
			buildActionMask = 2147483647;
			files = (
			);
			runOnlyForDeploymentPostprocessing = 0;
		};
/* End PBXFrameworksBuildPhase section */

/* Begin PBXGroup section */
		310DD49D1B29E0FE00FD22B3 = {
			isa = PBXGroup;
			children = (
				310DD4A81B29E0FE00FD22B3 /* TestSettings */,
				310DD4C21B29E0FE00FD22B3 /* TestSettingsTests */,
				310DD4A71B29E0FE00FD22B3 /* Products */,
			);
			sourceTree = "<group>";
		};
		310DD4A71B29E0FE00FD22B3 /* Products */ = {
			isa = PBXGroup;
			children = (
				310DD4A61B29E0FE00FD22B3 /* TestSettings.app */,
				310DD4BF1B29E0FE00FD22B3 /* TestSettingsTests.xctest */,
			);
			name = Products;
			sourceTree = "<group>";
		};
		310DD4A81B29E0FE00FD22B3 /* TestSettings */ = {
			isa = PBXGroup;
			children = (
				310DD4AD1B29E0FE00FD22B3 /* AppDelegate.h */,
				310DD4AE1B29E0FE00FD22B3 /* AppDelegate.m */,
				310DD4B01B29E0FE00FD22B3 /* ViewController.h */,
				310DD4B11B29E0FE00FD22B3 /* ViewController.m */,
				310DD4B31B29E0FE00FD22B3 /* Main.storyboard */,
				310DD4B61B29E0FE00FD22B3 /* Images.xcassets */,
				310DD4B81B29E0FE00FD22B3 /* LaunchScreen.xib */,
				310DD4A91B29E0FE00FD22B3 /* Supporting Files */,
				310DD4CF1B29E14E00FD22B3 /* Settings.bundle */,
			);
			path = TestSettings;
			sourceTree = "<group>";
		};
		310DD4A91B29E0FE00FD22B3 /* Supporting Files */ = {
			isa = PBXGroup;
			children = (
				310DD4AA1B29E0FE00FD22B3 /* Info.plist */,
				310DD4AB1B29E0FE00FD22B3 /* main.m */,
			);
			name = "Supporting Files";
			sourceTree = "<group>";
		};
		310DD4C21B29E0FE00FD22B3 /* TestSettingsTests */ = {
			isa = PBXGroup;
			children = (
				310DD4C51B29E0FE00FD22B3 /* TestSettingsTests.m */,
				310DD4C31B29E0FE00FD22B3 /* Supporting Files */,
			);
			path = TestSettingsTests;
			sourceTree = "<group>";
		};
		310DD4C31B29E0FE00FD22B3 /* Supporting Files */ = {
			isa = PBXGroup;
			children = (
				310DD4C41B29E0FE00FD22B3 /* Info.plist */,
			);
			name = "Supporting Files";
			sourceTree = "<group>";
		};
/* End PBXGroup section */

/* Begin PBXNativeTarget section */
		310DD4A51B29E0FE00FD22B3 /* TestSettings */ = {
			isa = PBXNativeTarget;
			buildConfigurationList = 310DD4C91B29E0FE00FD22B3 /* Build configuration list for PBXNativeTarget "TestSettings" */;
			buildPhases = (
				310DD4A21B29E0FE00FD22B3 /* Sources */,
				310DD4A31B29E0FE00FD22B3 /* Frameworks */,
				310DD4A41B29E0FE00FD22B3 /* Resources */,
			);
			buildRules = (
			);
			dependencies = (
			);
			name = TestSettings;
			productName = TestSettings;
			productReference = 310DD4A61B29E0FE00FD22B3 /* TestSettings.app */;
			productType = "com.apple.product-type.application";
		};
		310DD4BE1B29E0FE00FD22B3 /* TestSettingsTests */ = {
			isa = PBXNativeTarget;
			buildConfigurationList = 310DD4CC1B29E0FE00FD22B3 /* Build configuration list for PBXNativeTarget "TestSettingsTests" */;
			buildPhases = (
				310DD4BB1B29E0FE00FD22B3 /* Sources */,
				310DD4BC1B29E0FE00FD22B3 /* Frameworks */,
				310DD4BD1B29E0FE00FD22B3 /* Resources */,
			);
			buildRules = (
			);
			dependencies = (
				310DD4C11B29E0FE00FD22B3 /* PBXTargetDependency */,
			);
			name = TestSettingsTests;
			productName = TestSettingsTests;
			productReference = 310DD4BF1B29E0FE00FD22B3 /* TestSettingsTests.xctest */;
			productType = "com.apple.product-type.bundle.unit-test";
		};
/* End PBXNativeTarget section */

/* Begin PBXProject section */
		310DD49E1B29E0FE00FD22B3 /* Project object */ = {
			isa = PBXProject;
			attributes = {
				LastUpgradeCheck = 0630;
				ORGANIZATIONNAME = lnmcc;
				TargetAttributes = {
					310DD4A51B29E0FE00FD22B3 = {
						CreatedOnToolsVersion = 6.3.2;
					};
					310DD4BE1B29E0FE00FD22B3 = {
						CreatedOnToolsVersion = 6.3.2;
						TestTargetID = 310DD4A51B29E0FE00FD22B3;
					};
				};
			};
			buildConfigurationList = 310DD4A11B29E0FE00FD22B3 /* Build configuration list for PBXProject "TestSettings" */;
			compatibilityVersion = "Xcode 3.2";
			developmentRegion = English;
			hasScannedForEncodings = 0;
			knownRegions = (
				en,
				Base,
			);
			mainGroup = 310DD49D1B29E0FE00FD22B3;
			productRefGroup = 310DD4A71B29E0FE00FD22B3 /* Products */;
			projectDirPath = "";
			projectRoot = "";
			targets = (
				310DD4A51B29E0FE00FD22B3 /* TestSettings */,
				310DD4BE1B29E0FE00FD22B3 /* TestSettingsTests */,
			);
		};
/* End PBXProject section */

/* Begin PBXResourcesBuildPhase section */
		310DD4A41B29E0FE00FD22B3 /* Resources */ = {
			isa = PBXResourcesBuildPhase;
			buildActionMask = 2147483647;
			files = (
				310DD4D01B29E14E00FD22B3 /* Settings.bundle in Resources */,
				310DD4B51B29E0FE00FD22B3 /* Main.storyboard in Resources */,
				310DD4BA1B29E0FE00FD22B3 /* LaunchScreen.xib in Resources */,
				310DD4B71B29E0FE00FD22B3 /* Images.xcassets in Resources */,
			);
			runOnlyForDeploymentPostprocessing = 0;
		};
		310DD4BD1B29E0FE00FD22B3 /* Resources */ = {
			isa = PBXResourcesBuildPhase;
			buildActionMask = 2147483647;
			files = (
			);
			runOnlyForDeploymentPostprocessing = 0;
		};
/* End PBXResourcesBuildPhase section */

/* Begin PBXSourcesBuildPhase section */
		310DD4A21B29E0FE00FD22B3 /* Sources */ = {
			isa = PBXSourcesBuildPhase;
			buildActionMask = 2147483647;
			files = (
				310DD4B21B29E0FE00FD22B3 /* ViewController.m in Sources */,
				310DD4AF1B29E0FE00FD22B3 /* AppDelegate.m in Sources */,
				310DD4AC1B29E0FE00FD22B3 /* main.m in Sources */,
			);
			runOnlyForDeploymentPostprocessing = 0;
		};
		310DD4BB1B29E0FE00FD22B3 /* Sources */ = {
			isa = PBXSourcesBuildPhase;
			buildActionMask = 2147483647;
			files = (
				310DD4C61B29E0FE00FD22B3 /* TestSettingsTests.m in Sources */,
			);
			runOnlyForDeploymentPostprocessing = 0;
		};
/* End PBXSourcesBuildPhase section */

/* Begin PBXTargetDependency section */
		310DD4C11B29E0FE00FD22B3 /* PBXTargetDependency */ = {
			isa = PBXTargetDependency;
			target = 310DD4A51B29E0FE00FD22B3 /* TestSettings */;
			targetProxy = 310DD4C01B29E0FE00FD22B3 /* PBXContainerItemProxy */;
		};
/* End PBXTargetDependency section */

/* Begin PBXVariantGroup section */
		310DD4B31B29E0FE00FD22B3 /* Main.storyboard */ = {
			isa = PBXVariantGroup;
			children = (
				310DD4B41B29E0FE00FD22B3 /* Base */,
			);
			name = Main.storyboard;
			sourceTree = "<group>";
		};
		310DD4B81B29E0FE00FD22B3 /* LaunchScreen.xib */ = {
			isa = PBXVariantGroup;
			children = (
				310DD4B91B29E0FE00FD22B3 /* Base */,
			);
			name = LaunchScreen.xib;
			sourceTree = "<group>";
		};
/* End PBXVariantGroup section */

/* Begin XCBuildConfiguration section */
		310DD4C71B29E0FE00FD22B3 /* Debug */ = {
			isa = XCBuildConfiguration;
			buildSettings = {
				ALWAYS_SEARCH_USER_PATHS = NO;
				CLANG_CXX_LANGUAGE_STANDARD = "gnu++0x";
				CLANG_CXX_LIBRARY = "libc++";
				CLANG_ENABLE_MODULES = YES;
				CLANG_ENABLE_OBJC_ARC = YES;
				CLANG_WARN_BOOL_CONVERSION = YES;
				CLANG_WARN_CONSTANT_CONVERSION = YES;
				CLANG_WARN_DIRECT_OBJC_ISA_USAGE = YES_ERROR;
				CLANG_WARN_EMPTY_BODY = YES;
				CLANG_WARN_ENUM_CONVERSION = YES;
				CLANG_WARN_INT_CONVERSION = YES;
				CLANG_WARN_OBJC_ROOT_CLASS = YES_ERROR;
				CLANG_WARN_UNREACHABLE_CODE = YES;
				CLANG_WARN__DUPLICATE_METHOD_MATCH = YES;
				"CODE_SIGN_IDENTITY[sdk=iphoneos*]" = "iPhone Developer";
				COPY_PHASE_STRIP = NO;
				DEBUG_INFORMATION_FORMAT = "dwarf-with-dsym";
				ENABLE_STRICT_OBJC_MSGSEND = YES;
				GCC_C_LANGUAGE_STANDARD = gnu99;
				GCC_DYNAMIC_NO_PIC = NO;
				GCC_NO_COMMON_BLOCKS = YES;
				GCC_OPTIMIZATION_LEVEL = 0;
				GCC_PREPROCESSOR_DEFINITIONS = (
					"DEBUG=1",
					"$(inherited)",
				);
				GCC_SYMBOLS_PRIVATE_EXTERN = NO;
				GCC_WARN_64_TO_32_BIT_CONVERSION = YES;
				GCC_WARN_ABOUT_RETURN_TYPE = YES_ERROR;
				GCC_WARN_UNDECLARED_SELECTOR = YES;
				GCC_WARN_UNINITIALIZED_AUTOS = YES_AGGRESSIVE;
				GCC_WARN_UNUSED_FUNCTION = YES;
				GCC_WARN_UNUSED_VARIABLE = YES;
				IPHONEOS_DEPLOYMENT_TARGET = 8.3;
				MTL_ENABLE_DEBUG_INFO = YES;
				ONLY_ACTIVE_ARCH = YES;
				SDKROOT = iphoneos;
				TARGETED_DEVICE_FAMILY = "1,2";
			};
			name = Debug;
		};
		310DD4C81B29E0FE00FD22B3 /* Release */ = {
			isa = XCBuildConfiguration;
			buildSettings = {
				ALWAYS_SEARCH_USER_PATHS = NO;
				CLANG_CXX_LANGUAGE_STANDARD = "gnu++0x";
				CLANG_CXX_LIBRARY = "libc++";
				CLANG_ENABLE_MODULES = YES;
				CLANG_ENABLE_OBJC_ARC = YES;
				CLANG_WARN_BOOL_CONVERSION = YES;
				CLANG_WARN_CONSTANT_CONVERSION = YES;
				CLANG_WARN_DIRECT_OBJC_ISA_USAGE = YES_ERROR;
				CLANG_WARN_EMPTY_BODY = YES;
				CLANG_WARN_ENUM_CONVERSION = YES;
				CLANG_WARN_INT_CONVERSION = YES;
				CLANG_WARN_OBJC_ROOT_CLASS = YES_ERROR;
				CLANG_WARN_UNREACHABLE_CODE = YES;
				CLANG_WARN__DUPLICATE_METHOD_MATCH = YES;
				"CODE_SIGN_IDENTITY[sdk=iphoneos*]" = "iPhone Developer";
				COPY_PHASE_STRIP = NO;
				DEBUG_INFORMATION_FORMAT = "dwarf-with-dsym";
				ENABLE_NS_ASSERTIONS = NO;
				ENABLE_STRICT_OBJC_MSGSEND = YES;
				GCC_C_LANGUAGE_STANDARD = gnu99;
				GCC_NO_COMMON_BLOCKS = YES;
				GCC_WARN_64_TO_32_BIT_CONVERSION = YES;
				GCC_WARN_ABOUT_RETURN_TYPE = YES_ERROR;
				GCC_WARN_UNDECLARED_SELECTOR = YES;
				GCC_WARN_UNINITIALIZED_AUTOS = YES_AGGRESSIVE;
				GCC_WARN_UNUSED_FUNCTION = YES;
				GCC_WARN_UNUSED_VARIABLE = YES;
				IPHONEOS_DEPLOYMENT_TARGET = 8.3;
				MTL_ENABLE_DEBUG_INFO = NO;
				SDKROOT = iphoneos;
				TARGETED_DEVICE_FAMILY = "1,2";
				VALIDATE_PRODUCT = YES;
			};
			name = Release;
		};
		310DD4CA1B29E0FE00FD22B3 /* Debug */ = {
			isa = XCBuildConfiguration;
			buildSettings = {
				ASSETCATALOG_COMPILER_APPICON_NAME = AppIcon;
				INFOPLIST_FILE = TestSettings/Info.plist;
				LD_RUNPATH_SEARCH_PATHS = "$(inherited) @executable_path/Frameworks";
				PRODUCT_NAME = "$(TARGET_NAME)";
			};
			name = Debug;
		};
		310DD4CB1B29E0FE00FD22B3 /* Release */ = {
			isa = XCBuildConfiguration;
			buildSettings = {
				ASSETCATALOG_COMPILER_APPICON_NAME = AppIcon;
				INFOPLIST_FILE = TestSettings/Info.plist;
				LD_RUNPATH_SEARCH_PATHS = "$(inherited) @executable_path/Frameworks";
				PRODUCT_NAME = "$(TARGET_NAME)";
			};
			name = Release;
		};
		310DD4CD1B29E0FE00FD22B3 /* Debug */ = {
			isa = XCBuildConfiguration;
			buildSettings = {
				BUNDLE_LOADER = "$(TEST_HOST)";
				FRAMEWORK_SEARCH_PATHS = (
					"$(SDKROOT)/Developer/Library/Frameworks",
					"$(inherited)",
				);
				GCC_PREPROCESSOR_DEFINITIONS = (
					"DEBUG=1",
					"$(inherited)",
				);
				INFOPLIST_FILE = TestSettingsTests/Info.plist;
				LD_RUNPATH_SEARCH_PATHS = "$(inherited) @executable_path/Frameworks @loader_path/Frameworks";
				PRODUCT_NAME = "$(TARGET_NAME)";
				TEST_HOST = "$(BUILT_PRODUCTS_DIR)/TestSettings.app/TestSettings";
			};
			name = Debug;
		};
		310DD4CE1B29E0FE00FD22B3 /* Release */ = {
			isa = XCBuildConfiguration;
			buildSettings = {
				BUNDLE_LOADER = "$(TEST_HOST)";
				FRAMEWORK_SEARCH_PATHS = (
					"$(SDKROOT)/Developer/Library/Frameworks",
					"$(inherited)",
				);
				INFOPLIST_FILE = TestSettingsTests/Info.plist;
				LD_RUNPATH_SEARCH_PATHS = "$(inherited) @executable_path/Frameworks @loader_path/Frameworks";
				PRODUCT_NAME = "$(TARGET_NAME)";
				TEST_HOST = "$(BUILT_PRODUCTS_DIR)/TestSettings.app/TestSettings";
			};
			name = Release;
		};
/* End XCBuildConfiguration section */

/* Begin XCConfigurationList section */
		310DD4A11B29E0FE00FD22B3 /* Build configuration list for PBXProject "TestSettings" */ = {
			isa = XCConfigurationList;
			buildConfigurations = (
				310DD4C71B29E0FE00FD22B3 /* Debug */,
				310DD4C81B29E0FE00FD22B3 /* Release */,
			);
			defaultConfigurationIsVisible = 0;
			defaultConfigurationName = Release;
		};
		310DD4C91B29E0FE00FD22B3 /* Build configuration list for PBXNativeTarget "TestSettings" */ = {
			isa = XCConfigurationList;
			buildConfigurations = (
				310DD4CA1B29E0FE00FD22B3 /* Debug */,
				310DD4CB1B29E0FE00FD22B3 /* Release */,
			);
			defaultConfigurationIsVisible = 0;
		};
		310DD4CC1B29E0FE00FD22B3 /* Build configuration list for PBXNativeTarget "TestSettingsTests" */ = {
			isa = XCConfigurationList;
			buildConfigurations = (
				310DD4CD1B29E0FE00FD22B3 /* Debug */,
				310DD4CE1B29E0FE00FD22B3 /* Release */,
			);
			defaultConfigurationIsVisible = 0;
		};
/* End XCConfigurationList section */
	};
	rootObject = 310DD49E1B29E0FE00FD22B3 /* Project object */;
}
