// !$*UTF8*$!
{
	archiveVersion = 1;
	classes = {
	};
	objectVersion = 46;
	objects = {

/* Begin PBXBuildFile section */
		31C4CA0D1A013636003E0201 /* main.m in Sources */ = {isa = PBXBuildFile; fileRef = 31C4CA0C1A013636003E0201 /* main.m */; };
		31C4CA101A013636003E0201 /* AppDelegate.m in Sources */ = {isa = PBXBuildFile; fileRef = 31C4CA0F1A013636003E0201 /* AppDelegate.m */; };
		31C4CA131A013636003E0201 /* RootViewController.m in Sources */ = {isa = PBXBuildFile; fileRef = 31C4CA121A013636003E0201 /* RootViewController.m */; };
		31C4CA161A013636003E0201 /* DataViewController.m in Sources */ = {isa = PBXBuildFile; fileRef = 31C4CA151A013636003E0201 /* DataViewController.m */; };
		31C4CA191A013636003E0201 /* ModelController.m in Sources */ = {isa = PBXBuildFile; fileRef = 31C4CA181A013636003E0201 /* ModelController.m */; };
		31C4CA1C1A013636003E0201 /* Main.storyboard in Resources */ = {isa = PBXBuildFile; fileRef = 31C4CA1A1A013636003E0201 /* Main.storyboard */; };
		31C4CA1E1A013636003E0201 /* Images.xcassets in Resources */ = {isa = PBXBuildFile; fileRef = 31C4CA1D1A013636003E0201 /* Images.xcassets */; };
		31C4CA211A013636003E0201 /* LaunchScreen.xib in Resources */ = {isa = PBXBuildFile; fileRef = 31C4CA1F1A013636003E0201 /* LaunchScreen.xib */; };
		31C4CA2D1A013636003E0201 /* iPhone_3Tests.m in Sources */ = {isa = PBXBuildFile; fileRef = 31C4CA2C1A013636003E0201 /* iPhone_3Tests.m */; };
/* End PBXBuildFile section */

/* Begin PBXContainerItemProxy section */
		31C4CA271A013636003E0201 /* PBXContainerItemProxy */ = {
			isa = PBXContainerItemProxy;
			containerPortal = 31C4C9FF1A013636003E0201 /* Project object */;
			proxyType = 1;
			remoteGlobalIDString = 31C4CA061A013636003E0201;
			remoteInfo = iPhone_3;
		};
/* End PBXContainerItemProxy section */

/* Begin PBXFileReference section */
		31C4CA071A013636003E0201 /* iPhone_3.app */ = {isa = PBXFileReference; explicitFileType = wrapper.application; includeInIndex = 0; path = iPhone_3.app; sourceTree = BUILT_PRODUCTS_DIR; };
		31C4CA0B1A013636003E0201 /* Info.plist */ = {isa = PBXFileReference; lastKnownFileType = text.plist.xml; path = Info.plist; sourceTree = "<group>"; };
		31C4CA0C1A013636003E0201 /* main.m */ = {isa = PBXFileReference; lastKnownFileType = sourcecode.c.objc; path = main.m; sourceTree = "<group>"; };
		31C4CA0E1A013636003E0201 /* AppDelegate.h */ = {isa = PBXFileReference; lastKnownFileType = sourcecode.c.h; path = AppDelegate.h; sourceTree = "<group>"; };
		31C4CA0F1A013636003E0201 /* AppDelegate.m */ = {isa = PBXFileReference; lastKnownFileType = sourcecode.c.objc; path = AppDelegate.m; sourceTree = "<group>"; };
		31C4CA111A013636003E0201 /* RootViewController.h */ = {isa = PBXFileReference; lastKnownFileType = sourcecode.c.h; path = RootViewController.h; sourceTree = "<group>"; };
		31C4CA121A013636003E0201 /* RootViewController.m */ = {isa = PBXFileReference; lastKnownFileType = sourcecode.c.objc; path = RootViewController.m; sourceTree = "<group>"; };
		31C4CA141A013636003E0201 /* DataViewController.h */ = {isa = PBXFileReference; lastKnownFileType = sourcecode.c.h; path = DataViewController.h; sourceTree = "<group>"; };
		31C4CA151A013636003E0201 /* DataViewController.m */ = {isa = PBXFileReference; lastKnownFileType = sourcecode.c.objc; path = DataViewController.m; sourceTree = "<group>"; };
		31C4CA171A013636003E0201 /* ModelController.h */ = {isa = PBXFileReference; lastKnownFileType = sourcecode.c.h; path = ModelController.h; sourceTree = "<group>"; };
		31C4CA181A013636003E0201 /* ModelController.m */ = {isa = PBXFileReference; lastKnownFileType = sourcecode.c.objc; path = ModelController.m; sourceTree = "<group>"; };
		31C4CA1B1A013636003E0201 /* Base */ = {isa = PBXFileReference; lastKnownFileType = file.storyboard; name = Base; path = Base.lproj/Main.storyboard; sourceTree = "<group>"; };
		31C4CA1D1A013636003E0201 /* Images.xcassets */ = {isa = PBXFileReference; lastKnownFileType = folder.assetcatalog; path = Images.xcassets; sourceTree = "<group>"; };
		31C4CA201A013636003E0201 /* Base */ = {isa = PBXFileReference; lastKnownFileType = file.xib; name = Base; path = Base.lproj/LaunchScreen.xib; sourceTree = "<group>"; };
		31C4CA261A013636003E0201 /* iPhone_3Tests.xctest */ = {isa = PBXFileReference; explicitFileType = wrapper.cfbundle; includeInIndex = 0; path = iPhone_3Tests.xctest; sourceTree = BUILT_PRODUCTS_DIR; };
		31C4CA2B1A013636003E0201 /* Info.plist */ = {isa = PBXFileReference; lastKnownFileType = text.plist.xml; path = Info.plist; sourceTree = "<group>"; };
		31C4CA2C1A013636003E0201 /* iPhone_3Tests.m */ = {isa = PBXFileReference; lastKnownFileType = sourcecode.c.objc; path = iPhone_3Tests.m; sourceTree = "<group>"; };
/* End PBXFileReference section */

/* Begin PBXFrameworksBuildPhase section */
		31C4CA041A013636003E0201 /* Frameworks */ = {
			isa = PBXFrameworksBuildPhase;
			buildActionMask = 2147483647;
			files = (
			);
			runOnlyForDeploymentPostprocessing = 0;
		};
		31C4CA231A013636003E0201 /* Frameworks */ = {
			isa = PBXFrameworksBuildPhase;
			buildActionMask = 2147483647;
			files = (
			);
			runOnlyForDeploymentPostprocessing = 0;
		};
/* End PBXFrameworksBuildPhase section */

/* Begin PBXGroup section */
		31C4C9FE1A013636003E0201 = {
			isa = PBXGroup;
			children = (
				31C4CA091A013636003E0201 /* iPhone_3 */,
				31C4CA291A013636003E0201 /* iPhone_3Tests */,
				31C4CA081A013636003E0201 /* Products */,
			);
			sourceTree = "<group>";
		};
		31C4CA081A013636003E0201 /* Products */ = {
			isa = PBXGroup;
			children = (
				31C4CA071A013636003E0201 /* iPhone_3.app */,
				31C4CA261A013636003E0201 /* iPhone_3Tests.xctest */,
			);
			name = Products;
			sourceTree = "<group>";
		};
		31C4CA091A013636003E0201 /* iPhone_3 */ = {
			isa = PBXGroup;
			children = (
				31C4CA0E1A013636003E0201 /* AppDelegate.h */,
				31C4CA0F1A013636003E0201 /* AppDelegate.m */,
				31C4CA111A013636003E0201 /* RootViewController.h */,
				31C4CA121A013636003E0201 /* RootViewController.m */,
				31C4CA141A013636003E0201 /* DataViewController.h */,
				31C4CA151A013636003E0201 /* DataViewController.m */,
				31C4CA171A013636003E0201 /* ModelController.h */,
				31C4CA181A013636003E0201 /* ModelController.m */,
				31C4CA1A1A013636003E0201 /* Main.storyboard */,
				31C4CA1D1A013636003E0201 /* Images.xcassets */,
				31C4CA1F1A013636003E0201 /* LaunchScreen.xib */,
				31C4CA0A1A013636003E0201 /* Supporting Files */,
			);
			path = iPhone_3;
			sourceTree = "<group>";
		};
		31C4CA0A1A013636003E0201 /* Supporting Files */ = {
			isa = PBXGroup;
			children = (
				31C4CA0B1A013636003E0201 /* Info.plist */,
				31C4CA0C1A013636003E0201 /* main.m */,
			);
			name = "Supporting Files";
			sourceTree = "<group>";
		};
		31C4CA291A013636003E0201 /* iPhone_3Tests */ = {
			isa = PBXGroup;
			children = (
				31C4CA2C1A013636003E0201 /* iPhone_3Tests.m */,
				31C4CA2A1A013636003E0201 /* Supporting Files */,
			);
			path = iPhone_3Tests;
			sourceTree = "<group>";
		};
		31C4CA2A1A013636003E0201 /* Supporting Files */ = {
			isa = PBXGroup;
			children = (
				31C4CA2B1A013636003E0201 /* Info.plist */,
			);
			name = "Supporting Files";
			sourceTree = "<group>";
		};
/* End PBXGroup section */

/* Begin PBXNativeTarget section */
		31C4CA061A013636003E0201 /* iPhone_3 */ = {
			isa = PBXNativeTarget;
			buildConfigurationList = 31C4CA301A013636003E0201 /* Build configuration list for PBXNativeTarget "iPhone_3" */;
			buildPhases = (
				31C4CA031A013636003E0201 /* Sources */,
				31C4CA041A013636003E0201 /* Frameworks */,
				31C4CA051A013636003E0201 /* Resources */,
			);
			buildRules = (
			);
			dependencies = (
			);
			name = iPhone_3;
			productName = iPhone_3;
			productReference = 31C4CA071A013636003E0201 /* iPhone_3.app */;
			productType = "com.apple.product-type.application";
		};
		31C4CA251A013636003E0201 /* iPhone_3Tests */ = {
			isa = PBXNativeTarget;
			buildConfigurationList = 31C4CA331A013636003E0201 /* Build configuration list for PBXNativeTarget "iPhone_3Tests" */;
			buildPhases = (
				31C4CA221A013636003E0201 /* Sources */,
				31C4CA231A013636003E0201 /* Frameworks */,
				31C4CA241A013636003E0201 /* Resources */,
			);
			buildRules = (
			);
			dependencies = (
				31C4CA281A013636003E0201 /* PBXTargetDependency */,
			);
			name = iPhone_3Tests;
			productName = iPhone_3Tests;
			productReference = 31C4CA261A013636003E0201 /* iPhone_3Tests.xctest */;
			productType = "com.apple.product-type.bundle.unit-test";
		};
/* End PBXNativeTarget section */

/* Begin PBXProject section */
		31C4C9FF1A013636003E0201 /* Project object */ = {
			isa = PBXProject;
			attributes = {
				LastUpgradeCheck = 0610;
				ORGANIZATIONNAME = lnmcc;
				TargetAttributes = {
					31C4CA061A013636003E0201 = {
						CreatedOnToolsVersion = 6.1;
					};
					31C4CA251A013636003E0201 = {
						CreatedOnToolsVersion = 6.1;
						TestTargetID = 31C4CA061A013636003E0201;
					};
				};
			};
			buildConfigurationList = 31C4CA021A013636003E0201 /* Build configuration list for PBXProject "iPhone_3" */;
			compatibilityVersion = "Xcode 3.2";
			developmentRegion = English;
			hasScannedForEncodings = 0;
			knownRegions = (
				en,
				Base,
			);
			mainGroup = 31C4C9FE1A013636003E0201;
			productRefGroup = 31C4CA081A013636003E0201 /* Products */;
			projectDirPath = "";
			projectRoot = "";
			targets = (
				31C4CA061A013636003E0201 /* iPhone_3 */,
				31C4CA251A013636003E0201 /* iPhone_3Tests */,
			);
		};
/* End PBXProject section */

/* Begin PBXResourcesBuildPhase section */
		31C4CA051A013636003E0201 /* Resources */ = {
			isa = PBXResourcesBuildPhase;
			buildActionMask = 2147483647;
			files = (
				31C4CA1C1A013636003E0201 /* Main.storyboard in Resources */,
				31C4CA211A013636003E0201 /* LaunchScreen.xib in Resources */,
				31C4CA1E1A013636003E0201 /* Images.xcassets in Resources */,
			);
			runOnlyForDeploymentPostprocessing = 0;
		};
		31C4CA241A013636003E0201 /* Resources */ = {
			isa = PBXResourcesBuildPhase;
			buildActionMask = 2147483647;
			files = (
			);
			runOnlyForDeploymentPostprocessing = 0;
		};
/* End PBXResourcesBuildPhase section */

/* Begin PBXSourcesBuildPhase section */
		31C4CA031A013636003E0201 /* Sources */ = {
			isa = PBXSourcesBuildPhase;
			buildActionMask = 2147483647;
			files = (
				31C4CA161A013636003E0201 /* DataViewController.m in Sources */,
				31C4CA101A013636003E0201 /* AppDelegate.m in Sources */,
				31C4CA191A013636003E0201 /* ModelController.m in Sources */,
				31C4CA0D1A013636003E0201 /* main.m in Sources */,
				31C4CA131A013636003E0201 /* RootViewController.m in Sources */,
			);
			runOnlyForDeploymentPostprocessing = 0;
		};
		31C4CA221A013636003E0201 /* Sources */ = {
			isa = PBXSourcesBuildPhase;
			buildActionMask = 2147483647;
			files = (
				31C4CA2D1A013636003E0201 /* iPhone_3Tests.m in Sources */,
			);
			runOnlyForDeploymentPostprocessing = 0;
		};
/* End PBXSourcesBuildPhase section */

/* Begin PBXTargetDependency section */
		31C4CA281A013636003E0201 /* PBXTargetDependency */ = {
			isa = PBXTargetDependency;
			target = 31C4CA061A013636003E0201 /* iPhone_3 */;
			targetProxy = 31C4CA271A013636003E0201 /* PBXContainerItemProxy */;
		};
/* End PBXTargetDependency section */

/* Begin PBXVariantGroup section */
		31C4CA1A1A013636003E0201 /* Main.storyboard */ = {
			isa = PBXVariantGroup;
			children = (
				31C4CA1B1A013636003E0201 /* Base */,
			);
			name = Main.storyboard;
			sourceTree = "<group>";
		};
		31C4CA1F1A013636003E0201 /* LaunchScreen.xib */ = {
			isa = PBXVariantGroup;
			children = (
				31C4CA201A013636003E0201 /* Base */,
			);
			name = LaunchScreen.xib;
			sourceTree = "<group>";
		};
/* End PBXVariantGroup section */

/* Begin XCBuildConfiguration section */
		31C4CA2E1A013636003E0201 /* Debug */ = {
			isa = XCBuildConfiguration;
			buildSettings = {
				ALWAYS_SEARCH_USER_PATHS = NO;
				CLANG_CXX_LANGUAGE_STANDARD = "gnu++0x";
				CLANG_CXX_LIBRARY = "libc++";
				CLANG_ENABLE_MODULES = YES;
				CLANG_ENABLE_OBJC_ARC = YES;
				CLANG_WARN_BOOL_CONVERSION = YES;
				CLANG_WARN_CONSTANT_CONVERSION = YES;
				CLANG_WARN_DIRECT_OBJC_ISA_USAGE = YES_ERROR;
				CLANG_WARN_EMPTY_BODY = YES;
				CLANG_WARN_ENUM_CONVERSION = YES;
				CLANG_WARN_INT_CONVERSION = YES;
				CLANG_WARN_OBJC_ROOT_CLASS = YES_ERROR;
				CLANG_WARN_UNREACHABLE_CODE = YES;
				CLANG_WARN__DUPLICATE_METHOD_MATCH = YES;
				"CODE_SIGN_IDENTITY[sdk=iphoneos*]" = "iPhone Developer";
				COPY_PHASE_STRIP = NO;
				ENABLE_STRICT_OBJC_MSGSEND = YES;
				GCC_C_LANGUAGE_STANDARD = gnu99;
				GCC_DYNAMIC_NO_PIC = NO;
				GCC_OPTIMIZATION_LEVEL = 0;
				GCC_PREPROCESSOR_DEFINITIONS = (
					"DEBUG=1",
					"$(inherited)",
				);
				GCC_SYMBOLS_PRIVATE_EXTERN = NO;
				GCC_WARN_64_TO_32_BIT_CONVERSION = YES;
				GCC_WARN_ABOUT_RETURN_TYPE = YES_ERROR;
				GCC_WARN_UNDECLARED_SELECTOR = YES;
				GCC_WARN_UNINITIALIZED_AUTOS = YES_AGGRESSIVE;
				GCC_WARN_UNUSED_FUNCTION = YES;
				GCC_WARN_UNUSED_VARIABLE = YES;
				IPHONEOS_DEPLOYMENT_TARGET = 8.1;
				MTL_ENABLE_DEBUG_INFO = YES;
				ONLY_ACTIVE_ARCH = YES;
				SDKROOT = iphoneos;
				TARGETED_DEVICE_FAMILY = "1,2";
			};
			name = Debug;
		};
		31C4CA2F1A013636003E0201 /* Release */ = {
			isa = XCBuildConfiguration;
			buildSettings = {
				ALWAYS_SEARCH_USER_PATHS = NO;
				CLANG_CXX_LANGUAGE_STANDARD = "gnu++0x";
				CLANG_CXX_LIBRARY = "libc++";
				CLANG_ENABLE_MODULES = YES;
				CLANG_ENABLE_OBJC_ARC = YES;
				CLANG_WARN_BOOL_CONVERSION = YES;
				CLANG_WARN_CONSTANT_CONVERSION = YES;
				CLANG_WARN_DIRECT_OBJC_ISA_USAGE = YES_ERROR;
				CLANG_WARN_EMPTY_BODY = YES;
				CLANG_WARN_ENUM_CONVERSION = YES;
				CLANG_WARN_INT_CONVERSION = YES;
				CLANG_WARN_OBJC_ROOT_CLASS = YES_ERROR;
				CLANG_WARN_UNREACHABLE_CODE = YES;
				CLANG_WARN__DUPLICATE_METHOD_MATCH = YES;
				"CODE_SIGN_IDENTITY[sdk=iphoneos*]" = "iPhone Developer";
				COPY_PHASE_STRIP = YES;
				ENABLE_NS_ASSERTIONS = NO;
				ENABLE_STRICT_OBJC_MSGSEND = YES;
				GCC_C_LANGUAGE_STANDARD = gnu99;
				GCC_WARN_64_TO_32_BIT_CONVERSION = YES;
				GCC_WARN_ABOUT_RETURN_TYPE = YES_ERROR;
				GCC_WARN_UNDECLARED_SELECTOR = YES;
				GCC_WARN_UNINITIALIZED_AUTOS = YES_AGGRESSIVE;
				GCC_WARN_UNUSED_FUNCTION = YES;
				GCC_WARN_UNUSED_VARIABLE = YES;
				IPHONEOS_DEPLOYMENT_TARGET = 8.1;
				MTL_ENABLE_DEBUG_INFO = NO;
				SDKROOT = iphoneos;
				TARGETED_DEVICE_FAMILY = "1,2";
				VALIDATE_PRODUCT = YES;
			};
			name = Release;
		};
		31C4CA311A013636003E0201 /* Debug */ = {
			isa = XCBuildConfiguration;
			buildSettings = {
				ASSETCATALOG_COMPILER_APPICON_NAME = AppIcon;
				INFOPLIST_FILE = iPhone_3/Info.plist;
				LD_RUNPATH_SEARCH_PATHS = "$(inherited) @executable_path/Frameworks";
				PRODUCT_NAME = "$(TARGET_NAME)";
			};
			name = Debug;
		};
		31C4CA321A013636003E0201 /* Release */ = {
			isa = XCBuildConfiguration;
			buildSettings = {
				ASSETCATALOG_COMPILER_APPICON_NAME = AppIcon;
				INFOPLIST_FILE = iPhone_3/Info.plist;
				LD_RUNPATH_SEARCH_PATHS = "$(inherited) @executable_path/Frameworks";
				PRODUCT_NAME = "$(TARGET_NAME)";
			};
			name = Release;
		};
		31C4CA341A013636003E0201 /* Debug */ = {
			isa = XCBuildConfiguration;
			buildSettings = {
				BUNDLE_LOADER = "$(TEST_HOST)";
				FRAMEWORK_SEARCH_PATHS = (
					"$(SDKROOT)/Developer/Library/Frameworks",
					"$(inherited)",
				);
				GCC_PREPROCESSOR_DEFINITIONS = (
					"DEBUG=1",
					"$(inherited)",
				);
				INFOPLIST_FILE = iPhone_3Tests/Info.plist;
				LD_RUNPATH_SEARCH_PATHS = "$(inherited) @executable_path/Frameworks @loader_path/Frameworks";
				PRODUCT_NAME = "$(TARGET_NAME)";
				TEST_HOST = "$(BUILT_PRODUCTS_DIR)/iPhone_3.app/iPhone_3";
			};
			name = Debug;
		};
		31C4CA351A013636003E0201 /* Release */ = {
			isa = XCBuildConfiguration;
			buildSettings = {
				BUNDLE_LOADER = "$(TEST_HOST)";
				FRAMEWORK_SEARCH_PATHS = (
					"$(SDKROOT)/Developer/Library/Frameworks",
					"$(inherited)",
				);
				INFOPLIST_FILE = iPhone_3Tests/Info.plist;
				LD_RUNPATH_SEARCH_PATHS = "$(inherited) @executable_path/Frameworks @loader_path/Frameworks";
				PRODUCT_NAME = "$(TARGET_NAME)";
				TEST_HOST = "$(BUILT_PRODUCTS_DIR)/iPhone_3.app/iPhone_3";
			};
			name = Release;
		};
/* End XCBuildConfiguration section */

/* Begin XCConfigurationList section */
		31C4CA021A013636003E0201 /* Build configuration list for PBXProject "iPhone_3" */ = {
			isa = XCConfigurationList;
			buildConfigurations = (
				31C4CA2E1A013636003E0201 /* Debug */,
				31C4CA2F1A013636003E0201 /* Release */,
			);
			defaultConfigurationIsVisible = 0;
			defaultConfigurationName = Release;
		};
		31C4CA301A013636003E0201 /* Build configuration list for PBXNativeTarget "iPhone_3" */ = {
			isa = XCConfigurationList;
			buildConfigurations = (
				31C4CA311A013636003E0201 /* Debug */,
				31C4CA321A013636003E0201 /* Release */,
			);
			defaultConfigurationIsVisible = 0;
		};
		31C4CA331A013636003E0201 /* Build configuration list for PBXNativeTarget "iPhone_3Tests" */ = {
			isa = XCConfigurationList;
			buildConfigurations = (
				31C4CA341A013636003E0201 /* Debug */,
				31C4CA351A013636003E0201 /* Release */,
			);
			defaultConfigurationIsVisible = 0;
		};
/* End XCConfigurationList section */
	};
	rootObject = 31C4C9FF1A013636003E0201 /* Project object */;
}
