// !$*UTF8*$!
{
	archiveVersion = 1;
	classes = {
	};
	objectVersion = 46;
	objects = {

/* Begin PBXBuildFile section */
		31E51F1B1CBF74AB00EFE9FA /* main.m in Sources */ = {isa = PBXBuildFile; fileRef = 31E51F1A1CBF74AB00EFE9FA /* main.m */; };
		31E51F1E1CBF74AB00EFE9FA /* AppDelegate.m in Sources */ = {isa = PBXBuildFile; fileRef = 31E51F1D1CBF74AB00EFE9FA /* AppDelegate.m */; };
		31E51F211CBF74AB00EFE9FA /* ViewController.m in Sources */ = {isa = PBXBuildFile; fileRef = 31E51F201CBF74AB00EFE9FA /* ViewController.m */; };
		31E51F241CBF74AB00EFE9FA /* Main.storyboard in Resources */ = {isa = PBXBuildFile; fileRef = 31E51F221CBF74AB00EFE9FA /* Main.storyboard */; };
		31E51F261CBF74AB00EFE9FA /* Assets.xcassets in Resources */ = {isa = PBXBuildFile; fileRef = 31E51F251CBF74AB00EFE9FA /* Assets.xcassets */; };
		31E51F291CBF74AB00EFE9FA /* LaunchScreen.storyboard in Resources */ = {isa = PBXBuildFile; fileRef = 31E51F271CBF74AB00EFE9FA /* LaunchScreen.storyboard */; };
		31E51F341CBF74AB00EFE9FA /* TestDirsTests.m in Sources */ = {isa = PBXBuildFile; fileRef = 31E51F331CBF74AB00EFE9FA /* TestDirsTests.m */; };
		31E51F411CBFADCF00EFE9FA /* a.jpg in Resources */ = {isa = PBXBuildFile; fileRef = 31E51F401CBFADCF00EFE9FA /* a.jpg */; };
/* End PBXBuildFile section */

/* Begin PBXContainerItemProxy section */
		31E51F301CBF74AB00EFE9FA /* PBXContainerItemProxy */ = {
			isa = PBXContainerItemProxy;
			containerPortal = 31E51F0E1CBF74AB00EFE9FA /* Project object */;
			proxyType = 1;
			remoteGlobalIDString = 31E51F151CBF74AB00EFE9FA;
			remoteInfo = TestDirs;
		};
/* End PBXContainerItemProxy section */

/* Begin PBXFileReference section */
		31E51F161CBF74AB00EFE9FA /* TestDirs.app */ = {isa = PBXFileReference; explicitFileType = wrapper.application; includeInIndex = 0; path = TestDirs.app; sourceTree = BUILT_PRODUCTS_DIR; };
		31E51F1A1CBF74AB00EFE9FA /* main.m */ = {isa = PBXFileReference; lastKnownFileType = sourcecode.c.objc; path = main.m; sourceTree = "<group>"; };
		31E51F1C1CBF74AB00EFE9FA /* AppDelegate.h */ = {isa = PBXFileReference; lastKnownFileType = sourcecode.c.h; path = AppDelegate.h; sourceTree = "<group>"; };
		31E51F1D1CBF74AB00EFE9FA /* AppDelegate.m */ = {isa = PBXFileReference; lastKnownFileType = sourcecode.c.objc; path = AppDelegate.m; sourceTree = "<group>"; };
		31E51F1F1CBF74AB00EFE9FA /* ViewController.h */ = {isa = PBXFileReference; lastKnownFileType = sourcecode.c.h; path = ViewController.h; sourceTree = "<group>"; };
		31E51F201CBF74AB00EFE9FA /* ViewController.m */ = {isa = PBXFileReference; lastKnownFileType = sourcecode.c.objc; path = ViewController.m; sourceTree = "<group>"; };
		31E51F231CBF74AB00EFE9FA /* Base */ = {isa = PBXFileReference; lastKnownFileType = file.storyboard; name = Base; path = Base.lproj/Main.storyboard; sourceTree = "<group>"; };
		31E51F251CBF74AB00EFE9FA /* Assets.xcassets */ = {isa = PBXFileReference; lastKnownFileType = folder.assetcatalog; path = Assets.xcassets; sourceTree = "<group>"; };
		31E51F281CBF74AB00EFE9FA /* Base */ = {isa = PBXFileReference; lastKnownFileType = file.storyboard; name = Base; path = Base.lproj/LaunchScreen.storyboard; sourceTree = "<group>"; };
		31E51F2A1CBF74AB00EFE9FA /* Info.plist */ = {isa = PBXFileReference; lastKnownFileType = text.plist.xml; path = Info.plist; sourceTree = "<group>"; };
		31E51F2F1CBF74AB00EFE9FA /* TestDirsTests.xctest */ = {isa = PBXFileReference; explicitFileType = wrapper.cfbundle; includeInIndex = 0; path = TestDirsTests.xctest; sourceTree = BUILT_PRODUCTS_DIR; };
		31E51F331CBF74AB00EFE9FA /* TestDirsTests.m */ = {isa = PBXFileReference; lastKnownFileType = sourcecode.c.objc; path = TestDirsTests.m; sourceTree = "<group>"; };
		31E51F351CBF74AB00EFE9FA /* Info.plist */ = {isa = PBXFileReference; lastKnownFileType = text.plist.xml; path = Info.plist; sourceTree = "<group>"; };
		31E51F401CBFADCF00EFE9FA /* a.jpg */ = {isa = PBXFileReference; lastKnownFileType = image.jpeg; path = a.jpg; sourceTree = "<group>"; };
/* End PBXFileReference section */

/* Begin PBXFrameworksBuildPhase section */
		31E51F131CBF74AB00EFE9FA /* Frameworks */ = {
			isa = PBXFrameworksBuildPhase;
			buildActionMask = 2147483647;
			files = (
			);
			runOnlyForDeploymentPostprocessing = 0;
		};
		31E51F2C1CBF74AB00EFE9FA /* Frameworks */ = {
			isa = PBXFrameworksBuildPhase;
			buildActionMask = 2147483647;
			files = (
			);
			runOnlyForDeploymentPostprocessing = 0;
		};
/* End PBXFrameworksBuildPhase section */

/* Begin PBXGroup section */
		31E51F0D1CBF74AB00EFE9FA = {
			isa = PBXGroup;
			children = (
				31E51F181CBF74AB00EFE9FA /* TestDirs */,
				31E51F321CBF74AB00EFE9FA /* TestDirsTests */,
				31E51F171CBF74AB00EFE9FA /* Products */,
			);
			sourceTree = "<group>";
		};
		31E51F171CBF74AB00EFE9FA /* Products */ = {
			isa = PBXGroup;
			children = (
				31E51F161CBF74AB00EFE9FA /* TestDirs.app */,
				31E51F2F1CBF74AB00EFE9FA /* TestDirsTests.xctest */,
			);
			name = Products;
			sourceTree = "<group>";
		};
		31E51F181CBF74AB00EFE9FA /* TestDirs */ = {
			isa = PBXGroup;
			children = (
				31E51F1C1CBF74AB00EFE9FA /* AppDelegate.h */,
				31E51F1D1CBF74AB00EFE9FA /* AppDelegate.m */,
				31E51F1F1CBF74AB00EFE9FA /* ViewController.h */,
				31E51F201CBF74AB00EFE9FA /* ViewController.m */,
				31E51F401CBFADCF00EFE9FA /* a.jpg */,
				31E51F221CBF74AB00EFE9FA /* Main.storyboard */,
				31E51F251CBF74AB00EFE9FA /* Assets.xcassets */,
				31E51F271CBF74AB00EFE9FA /* LaunchScreen.storyboard */,
				31E51F2A1CBF74AB00EFE9FA /* Info.plist */,
				31E51F191CBF74AB00EFE9FA /* Supporting Files */,
			);
			path = TestDirs;
			sourceTree = "<group>";
		};
		31E51F191CBF74AB00EFE9FA /* Supporting Files */ = {
			isa = PBXGroup;
			children = (
				31E51F1A1CBF74AB00EFE9FA /* main.m */,
			);
			name = "Supporting Files";
			sourceTree = "<group>";
		};
		31E51F321CBF74AB00EFE9FA /* TestDirsTests */ = {
			isa = PBXGroup;
			children = (
				31E51F331CBF74AB00EFE9FA /* TestDirsTests.m */,
				31E51F351CBF74AB00EFE9FA /* Info.plist */,
			);
			path = TestDirsTests;
			sourceTree = "<group>";
		};
/* End PBXGroup section */

/* Begin PBXNativeTarget section */
		31E51F151CBF74AB00EFE9FA /* TestDirs */ = {
			isa = PBXNativeTarget;
			buildConfigurationList = 31E51F381CBF74AB00EFE9FA /* Build configuration list for PBXNativeTarget "TestDirs" */;
			buildPhases = (
				31E51F121CBF74AB00EFE9FA /* Sources */,
				31E51F131CBF74AB00EFE9FA /* Frameworks */,
				31E51F141CBF74AB00EFE9FA /* Resources */,
			);
			buildRules = (
			);
			dependencies = (
			);
			name = TestDirs;
			productName = TestDirs;
			productReference = 31E51F161CBF74AB00EFE9FA /* TestDirs.app */;
			productType = "com.apple.product-type.application";
		};
		31E51F2E1CBF74AB00EFE9FA /* TestDirsTests */ = {
			isa = PBXNativeTarget;
			buildConfigurationList = 31E51F3B1CBF74AB00EFE9FA /* Build configuration list for PBXNativeTarget "TestDirsTests" */;
			buildPhases = (
				31E51F2B1CBF74AB00EFE9FA /* Sources */,
				31E51F2C1CBF74AB00EFE9FA /* Frameworks */,
				31E51F2D1CBF74AB00EFE9FA /* Resources */,
			);
			buildRules = (
			);
			dependencies = (
				31E51F311CBF74AB00EFE9FA /* PBXTargetDependency */,
			);
			name = TestDirsTests;
			productName = TestDirsTests;
			productReference = 31E51F2F1CBF74AB00EFE9FA /* TestDirsTests.xctest */;
			productType = "com.apple.product-type.bundle.unit-test";
		};
/* End PBXNativeTarget section */

/* Begin PBXProject section */
		31E51F0E1CBF74AB00EFE9FA /* Project object */ = {
			isa = PBXProject;
			attributes = {
				LastUpgradeCheck = 0730;
				ORGANIZATIONNAME = lnmcc;
				TargetAttributes = {
					31E51F151CBF74AB00EFE9FA = {
						CreatedOnToolsVersion = 7.3;
						DevelopmentTeam = 86T226662Y;
					};
					31E51F2E1CBF74AB00EFE9FA = {
						CreatedOnToolsVersion = 7.3;
						DevelopmentTeam = 86T226662Y;
						TestTargetID = 31E51F151CBF74AB00EFE9FA;
					};
				};
			};
			buildConfigurationList = 31E51F111CBF74AB00EFE9FA /* Build configuration list for PBXProject "TestDirs" */;
			compatibilityVersion = "Xcode 3.2";
			developmentRegion = English;
			hasScannedForEncodings = 0;
			knownRegions = (
				en,
				Base,
			);
			mainGroup = 31E51F0D1CBF74AB00EFE9FA;
			productRefGroup = 31E51F171CBF74AB00EFE9FA /* Products */;
			projectDirPath = "";
			projectRoot = "";
			targets = (
				31E51F151CBF74AB00EFE9FA /* TestDirs */,
				31E51F2E1CBF74AB00EFE9FA /* TestDirsTests */,
			);
		};
/* End PBXProject section */

/* Begin PBXResourcesBuildPhase section */
		31E51F141CBF74AB00EFE9FA /* Resources */ = {
			isa = PBXResourcesBuildPhase;
			buildActionMask = 2147483647;
			files = (
				31E51F291CBF74AB00EFE9FA /* LaunchScreen.storyboard in Resources */,
				31E51F411CBFADCF00EFE9FA /* a.jpg in Resources */,
				31E51F261CBF74AB00EFE9FA /* Assets.xcassets in Resources */,
				31E51F241CBF74AB00EFE9FA /* Main.storyboard in Resources */,
			);
			runOnlyForDeploymentPostprocessing = 0;
		};
		31E51F2D1CBF74AB00EFE9FA /* Resources */ = {
			isa = PBXResourcesBuildPhase;
			buildActionMask = 2147483647;
			files = (
			);
			runOnlyForDeploymentPostprocessing = 0;
		};
/* End PBXResourcesBuildPhase section */

/* Begin PBXSourcesBuildPhase section */
		31E51F121CBF74AB00EFE9FA /* Sources */ = {
			isa = PBXSourcesBuildPhase;
			buildActionMask = 2147483647;
			files = (
				31E51F211CBF74AB00EFE9FA /* ViewController.m in Sources */,
				31E51F1E1CBF74AB00EFE9FA /* AppDelegate.m in Sources */,
				31E51F1B1CBF74AB00EFE9FA /* main.m in Sources */,
			);
			runOnlyForDeploymentPostprocessing = 0;
		};
		31E51F2B1CBF74AB00EFE9FA /* Sources */ = {
			isa = PBXSourcesBuildPhase;
			buildActionMask = 2147483647;
			files = (
				31E51F341CBF74AB00EFE9FA /* TestDirsTests.m in Sources */,
			);
			runOnlyForDeploymentPostprocessing = 0;
		};
/* End PBXSourcesBuildPhase section */

/* Begin PBXTargetDependency section */
		31E51F311CBF74AB00EFE9FA /* PBXTargetDependency */ = {
			isa = PBXTargetDependency;
			target = 31E51F151CBF74AB00EFE9FA /* TestDirs */;
			targetProxy = 31E51F301CBF74AB00EFE9FA /* PBXContainerItemProxy */;
		};
/* End PBXTargetDependency section */

/* Begin PBXVariantGroup section */
		31E51F221CBF74AB00EFE9FA /* Main.storyboard */ = {
			isa = PBXVariantGroup;
			children = (
				31E51F231CBF74AB00EFE9FA /* Base */,
			);
			name = Main.storyboard;
			sourceTree = "<group>";
		};
		31E51F271CBF74AB00EFE9FA /* LaunchScreen.storyboard */ = {
			isa = PBXVariantGroup;
			children = (
				31E51F281CBF74AB00EFE9FA /* Base */,
			);
			name = LaunchScreen.storyboard;
			sourceTree = "<group>";
		};
/* End PBXVariantGroup section */

/* Begin XCBuildConfiguration section */
		31E51F361CBF74AB00EFE9FA /* Debug */ = {
			isa = XCBuildConfiguration;
			buildSettings = {
				ALWAYS_SEARCH_USER_PATHS = NO;
				CLANG_ANALYZER_NONNULL = YES;
				CLANG_CXX_LANGUAGE_STANDARD = "gnu++0x";
				CLANG_CXX_LIBRARY = "libc++";
				CLANG_ENABLE_MODULES = YES;
				CLANG_ENABLE_OBJC_ARC = YES;
				CLANG_WARN_BOOL_CONVERSION = YES;
				CLANG_WARN_CONSTANT_CONVERSION = YES;
				CLANG_WARN_DIRECT_OBJC_ISA_USAGE = YES_ERROR;
				CLANG_WARN_EMPTY_BODY = YES;
				CLANG_WARN_ENUM_CONVERSION = YES;
				CLANG_WARN_INT_CONVERSION = YES;
				CLANG_WARN_OBJC_ROOT_CLASS = YES_ERROR;
				CLANG_WARN_UNREACHABLE_CODE = YES;
				CLANG_WARN__DUPLICATE_METHOD_MATCH = YES;
				"CODE_SIGN_IDENTITY[sdk=iphoneos*]" = "iPhone Developer";
				COPY_PHASE_STRIP = NO;
				DEBUG_INFORMATION_FORMAT = dwarf;
				ENABLE_STRICT_OBJC_MSGSEND = YES;
				ENABLE_TESTABILITY = YES;
				GCC_C_LANGUAGE_STANDARD = gnu99;
				GCC_DYNAMIC_NO_PIC = NO;
				GCC_NO_COMMON_BLOCKS = YES;
				GCC_OPTIMIZATION_LEVEL = 0;
				GCC_PREPROCESSOR_DEFINITIONS = (
					"DEBUG=1",
					"$(inherited)",
				);
				GCC_WARN_64_TO_32_BIT_CONVERSION = YES;
				GCC_WARN_ABOUT_RETURN_TYPE = YES_ERROR;
				GCC_WARN_UNDECLARED_SELECTOR = YES;
				GCC_WARN_UNINITIALIZED_AUTOS = YES_AGGRESSIVE;
				GCC_WARN_UNUSED_FUNCTION = YES;
				GCC_WARN_UNUSED_VARIABLE = YES;
				IPHONEOS_DEPLOYMENT_TARGET = 9.3;
				MTL_ENABLE_DEBUG_INFO = YES;
				ONLY_ACTIVE_ARCH = YES;
				SDKROOT = iphoneos;
				TARGETED_DEVICE_FAMILY = "1,2";
			};
			name = Debug;
		};
		31E51F371CBF74AB00EFE9FA /* Release */ = {
			isa = XCBuildConfiguration;
			buildSettings = {
				ALWAYS_SEARCH_USER_PATHS = NO;
				CLANG_ANALYZER_NONNULL = YES;
				CLANG_CXX_LANGUAGE_STANDARD = "gnu++0x";
				CLANG_CXX_LIBRARY = "libc++";
				CLANG_ENABLE_MODULES = YES;
				CLANG_ENABLE_OBJC_ARC = YES;
				CLANG_WARN_BOOL_CONVERSION = YES;
				CLANG_WARN_CONSTANT_CONVERSION = YES;
				CLANG_WARN_DIRECT_OBJC_ISA_USAGE = YES_ERROR;
				CLANG_WARN_EMPTY_BODY = YES;
				CLANG_WARN_ENUM_CONVERSION = YES;
				CLANG_WARN_INT_CONVERSION = YES;
				CLANG_WARN_OBJC_ROOT_CLASS = YES_ERROR;
				CLANG_WARN_UNREACHABLE_CODE = YES;
				CLANG_WARN__DUPLICATE_METHOD_MATCH = YES;
				"CODE_SIGN_IDENTITY[sdk=iphoneos*]" = "iPhone Developer";
				COPY_PHASE_STRIP = NO;
				DEBUG_INFORMATION_FORMAT = "dwarf-with-dsym";
				ENABLE_NS_ASSERTIONS = NO;
				ENABLE_STRICT_OBJC_MSGSEND = YES;
				GCC_C_LANGUAGE_STANDARD = gnu99;
				GCC_NO_COMMON_BLOCKS = YES;
				GCC_WARN_64_TO_32_BIT_CONVERSION = YES;
				GCC_WARN_ABOUT_RETURN_TYPE = YES_ERROR;
				GCC_WARN_UNDECLARED_SELECTOR = YES;
				GCC_WARN_UNINITIALIZED_AUTOS = YES_AGGRESSIVE;
				GCC_WARN_UNUSED_FUNCTION = YES;
				GCC_WARN_UNUSED_VARIABLE = YES;
				IPHONEOS_DEPLOYMENT_TARGET = 9.3;
				MTL_ENABLE_DEBUG_INFO = NO;
				SDKROOT = iphoneos;
				TARGETED_DEVICE_FAMILY = "1,2";
				VALIDATE_PRODUCT = YES;
			};
			name = Release;
		};
		31E51F391CBF74AB00EFE9FA /* Debug */ = {
			isa = XCBuildConfiguration;
			buildSettings = {
				ASSETCATALOG_COMPILER_APPICON_NAME = AppIcon;
				INFOPLIST_FILE = TestDirs/Info.plist;
				LD_RUNPATH_SEARCH_PATHS = "$(inherited) @executable_path/Frameworks";
				PRODUCT_BUNDLE_IDENTIFIER = net.lnmcc;
				PRODUCT_NAME = "$(TARGET_NAME)";
			};
			name = Debug;
		};
		31E51F3A1CBF74AB00EFE9FA /* Release */ = {
			isa = XCBuildConfiguration;
			buildSettings = {
				ASSETCATALOG_COMPILER_APPICON_NAME = AppIcon;
				INFOPLIST_FILE = TestDirs/Info.plist;
				LD_RUNPATH_SEARCH_PATHS = "$(inherited) @executable_path/Frameworks";
				PRODUCT_BUNDLE_IDENTIFIER = net.lnmcc;
				PRODUCT_NAME = "$(TARGET_NAME)";
			};
			name = Release;
		};
		31E51F3C1CBF74AB00EFE9FA /* Debug */ = {
			isa = XCBuildConfiguration;
			buildSettings = {
				BUNDLE_LOADER = "$(TEST_HOST)";
				INFOPLIST_FILE = TestDirsTests/Info.plist;
				LD_RUNPATH_SEARCH_PATHS = "$(inherited) @executable_path/Frameworks @loader_path/Frameworks";
				PRODUCT_BUNDLE_IDENTIFIER = net.lnmcc.TestDirsTests;
				PRODUCT_NAME = "$(TARGET_NAME)";
				TEST_HOST = "$(BUILT_PRODUCTS_DIR)/TestDirs.app/TestDirs";
			};
			name = Debug;
		};
		31E51F3D1CBF74AB00EFE9FA /* Release */ = {
			isa = XCBuildConfiguration;
			buildSettings = {
				BUNDLE_LOADER = "$(TEST_HOST)";
				INFOPLIST_FILE = TestDirsTests/Info.plist;
				LD_RUNPATH_SEARCH_PATHS = "$(inherited) @executable_path/Frameworks @loader_path/Frameworks";
				PRODUCT_BUNDLE_IDENTIFIER = net.lnmcc.TestDirsTests;
				PRODUCT_NAME = "$(TARGET_NAME)";
				TEST_HOST = "$(BUILT_PRODUCTS_DIR)/TestDirs.app/TestDirs";
			};
			name = Release;
		};
/* End XCBuildConfiguration section */

/* Begin XCConfigurationList section */
		31E51F111CBF74AB00EFE9FA /* Build configuration list for PBXProject "TestDirs" */ = {
			isa = XCConfigurationList;
			buildConfigurations = (
				31E51F361CBF74AB00EFE9FA /* Debug */,
				31E51F371CBF74AB00EFE9FA /* Release */,
			);
			defaultConfigurationIsVisible = 0;
			defaultConfigurationName = Release;
		};
		31E51F381CBF74AB00EFE9FA /* Build configuration list for PBXNativeTarget "TestDirs" */ = {
			isa = XCConfigurationList;
			buildConfigurations = (
				31E51F391CBF74AB00EFE9FA /* Debug */,
				31E51F3A1CBF74AB00EFE9FA /* Release */,
			);
			defaultConfigurationIsVisible = 0;
		};
		31E51F3B1CBF74AB00EFE9FA /* Build configuration list for PBXNativeTarget "TestDirsTests" */ = {
			isa = XCConfigurationList;
			buildConfigurations = (
				31E51F3C1CBF74AB00EFE9FA /* Debug */,
				31E51F3D1CBF74AB00EFE9FA /* Release */,
			);
			defaultConfigurationIsVisible = 0;
		};
/* End XCConfigurationList section */
	};
	rootObject = 31E51F0E1CBF74AB00EFE9FA /* Project object */;
}
