// !$*UTF8*$!
{
	archiveVersion = 1;
	classes = {
	};
	objectVersion = 46;
	objects = {

/* Begin PBXBuildFile section */
		31A4FC6E1C1339E400A1CF70 /* main.m in Sources */ = {isa = PBXBuildFile; fileRef = 31A4FC6D1C1339E400A1CF70 /* main.m */; };
		31A4FC711C1339E400A1CF70 /* AppDelegate.m in Sources */ = {isa = PBXBuildFile; fileRef = 31A4FC701C1339E400A1CF70 /* AppDelegate.m */; };
		31A4FC791C1339E400A1CF70 /* Assets.xcassets in Resources */ = {isa = PBXBuildFile; fileRef = 31A4FC781C1339E400A1CF70 /* Assets.xcassets */; };
/* End PBXBuildFile section */

/* Begin PBXFileReference section */
		31A4FC691C1339E400A1CF70 /* AudioRecord.app */ = {isa = PBXFileReference; explicitFileType = wrapper.application; includeInIndex = 0; path = AudioRecord.app; sourceTree = BUILT_PRODUCTS_DIR; };
		31A4FC6D1C1339E400A1CF70 /* main.m */ = {isa = PBXFileReference; lastKnownFileType = sourcecode.c.objc; path = main.m; sourceTree = "<group>"; };
		31A4FC6F1C1339E400A1CF70 /* AppDelegate.h */ = {isa = PBXFileReference; lastKnownFileType = sourcecode.c.h; path = AppDelegate.h; sourceTree = "<group>"; };
		31A4FC701C1339E400A1CF70 /* AppDelegate.m */ = {isa = PBXFileReference; lastKnownFileType = sourcecode.c.objc; path = AppDelegate.m; sourceTree = "<group>"; };
		31A4FC781C1339E400A1CF70 /* Assets.xcassets */ = {isa = PBXFileReference; lastKnownFileType = folder.assetcatalog; path = Assets.xcassets; sourceTree = "<group>"; };
		31A4FC7D1C1339E400A1CF70 /* Info.plist */ = {isa = PBXFileReference; lastKnownFileType = text.plist.xml; path = Info.plist; sourceTree = "<group>"; };
/* End PBXFileReference section */

/* Begin PBXFrameworksBuildPhase section */
		31A4FC661C1339E400A1CF70 /* Frameworks */ = {
			isa = PBXFrameworksBuildPhase;
			buildActionMask = 2147483647;
			files = (
			);
			runOnlyForDeploymentPostprocessing = 0;
		};
/* End PBXFrameworksBuildPhase section */

/* Begin PBXGroup section */
		31A4FC601C1339E400A1CF70 = {
			isa = PBXGroup;
			children = (
				31A4FC6B1C1339E400A1CF70 /* AudioRecord */,
				31A4FC6A1C1339E400A1CF70 /* Products */,
			);
			sourceTree = "<group>";
		};
		31A4FC6A1C1339E400A1CF70 /* Products */ = {
			isa = PBXGroup;
			children = (
				31A4FC691C1339E400A1CF70 /* AudioRecord.app */,
			);
			name = Products;
			sourceTree = "<group>";
		};
		31A4FC6B1C1339E400A1CF70 /* AudioRecord */ = {
			isa = PBXGroup;
			children = (
				31A4FC6F1C1339E400A1CF70 /* AppDelegate.h */,
				31A4FC701C1339E400A1CF70 /* AppDelegate.m */,
				31A4FC781C1339E400A1CF70 /* Assets.xcassets */,
				31A4FC7D1C1339E400A1CF70 /* Info.plist */,
				31A4FC6C1C1339E400A1CF70 /* Supporting Files */,
			);
			path = AudioRecord;
			sourceTree = "<group>";
		};
		31A4FC6C1C1339E400A1CF70 /* Supporting Files */ = {
			isa = PBXGroup;
			children = (
				31A4FC6D1C1339E400A1CF70 /* main.m */,
			);
			name = "Supporting Files";
			sourceTree = "<group>";
		};
/* End PBXGroup section */

/* Begin PBXNativeTarget section */
		31A4FC681C1339E400A1CF70 /* AudioRecord */ = {
			isa = PBXNativeTarget;
			buildConfigurationList = 31A4FC801C1339E400A1CF70 /* Build configuration list for PBXNativeTarget "AudioRecord" */;
			buildPhases = (
				31A4FC651C1339E400A1CF70 /* Sources */,
				31A4FC661C1339E400A1CF70 /* Frameworks */,
				31A4FC671C1339E400A1CF70 /* Resources */,
			);
			buildRules = (
			);
			dependencies = (
			);
			name = AudioRecord;
			productName = AudioRecord;
			productReference = 31A4FC691C1339E400A1CF70 /* AudioRecord.app */;
			productType = "com.apple.product-type.application";
		};
/* End PBXNativeTarget section */

/* Begin PBXProject section */
		31A4FC611C1339E400A1CF70 /* Project object */ = {
			isa = PBXProject;
			attributes = {
				LastUpgradeCheck = 0710;
				ORGANIZATIONNAME = lnmcc;
				TargetAttributes = {
					31A4FC681C1339E400A1CF70 = {
						CreatedOnToolsVersion = 7.1.1;
						DevelopmentTeam = 86T226662Y;
					};
				};
			};
			buildConfigurationList = 31A4FC641C1339E400A1CF70 /* Build configuration list for PBXProject "AudioRecord" */;
			compatibilityVersion = "Xcode 3.2";
			developmentRegion = English;
			hasScannedForEncodings = 0;
			knownRegions = (
				en,
				Base,
			);
			mainGroup = 31A4FC601C1339E400A1CF70;
			productRefGroup = 31A4FC6A1C1339E400A1CF70 /* Products */;
			projectDirPath = "";
			projectRoot = "";
			targets = (
				31A4FC681C1339E400A1CF70 /* AudioRecord */,
			);
		};
/* End PBXProject section */

/* Begin PBXResourcesBuildPhase section */
		31A4FC671C1339E400A1CF70 /* Resources */ = {
			isa = PBXResourcesBuildPhase;
			buildActionMask = 2147483647;
			files = (
				31A4FC791C1339E400A1CF70 /* Assets.xcassets in Resources */,
			);
			runOnlyForDeploymentPostprocessing = 0;
		};
/* End PBXResourcesBuildPhase section */

/* Begin PBXSourcesBuildPhase section */
		31A4FC651C1339E400A1CF70 /* Sources */ = {
			isa = PBXSourcesBuildPhase;
			buildActionMask = 2147483647;
			files = (
				31A4FC711C1339E400A1CF70 /* AppDelegate.m in Sources */,
				31A4FC6E1C1339E400A1CF70 /* main.m in Sources */,
			);
			runOnlyForDeploymentPostprocessing = 0;
		};
/* End PBXSourcesBuildPhase section */

/* Begin XCBuildConfiguration section */
		31A4FC7E1C1339E400A1CF70 /* Debug */ = {
			isa = XCBuildConfiguration;
			buildSettings = {
				ALWAYS_SEARCH_USER_PATHS = NO;
				CLANG_CXX_LANGUAGE_STANDARD = "gnu++0x";
				CLANG_CXX_LIBRARY = "libc++";
				CLANG_ENABLE_MODULES = YES;
				CLANG_ENABLE_OBJC_ARC = YES;
				CLANG_WARN_BOOL_CONVERSION = YES;
				CLANG_WARN_CONSTANT_CONVERSION = YES;
				CLANG_WARN_DIRECT_OBJC_ISA_USAGE = YES_ERROR;
				CLANG_WARN_EMPTY_BODY = YES;
				CLANG_WARN_ENUM_CONVERSION = YES;
				CLANG_WARN_INT_CONVERSION = YES;
				CLANG_WARN_OBJC_ROOT_CLASS = YES_ERROR;
				CLANG_WARN_UNREACHABLE_CODE = YES;
				CLANG_WARN__DUPLICATE_METHOD_MATCH = YES;
				"CODE_SIGN_IDENTITY[sdk=iphoneos*]" = "iPhone Developer";
				COPY_PHASE_STRIP = NO;
				DEBUG_INFORMATION_FORMAT = dwarf;
				ENABLE_STRICT_OBJC_MSGSEND = YES;
				ENABLE_TESTABILITY = YES;
				GCC_C_LANGUAGE_STANDARD = gnu99;
				GCC_DYNAMIC_NO_PIC = NO;
				GCC_NO_COMMON_BLOCKS = YES;
				GCC_OPTIMIZATION_LEVEL = 0;
				GCC_PREPROCESSOR_DEFINITIONS = (
					"DEBUG=1",
					"$(inherited)",
				);
				GCC_WARN_64_TO_32_BIT_CONVERSION = YES;
				GCC_WARN_ABOUT_RETURN_TYPE = YES_ERROR;
				GCC_WARN_UNDECLARED_SELECTOR = YES;
				GCC_WARN_UNINITIALIZED_AUTOS = YES_AGGRESSIVE;
				GCC_WARN_UNUSED_FUNCTION = YES;
				GCC_WARN_UNUSED_VARIABLE = YES;
				IPHONEOS_DEPLOYMENT_TARGET = 9.1;
				MTL_ENABLE_DEBUG_INFO = YES;
				ONLY_ACTIVE_ARCH = YES;
				SDKROOT = iphoneos;
				TARGETED_DEVICE_FAMILY = "1,2";
			};
			name = Debug;
		};
		31A4FC7F1C1339E400A1CF70 /* Release */ = {
			isa = XCBuildConfiguration;
			buildSettings = {
				ALWAYS_SEARCH_USER_PATHS = NO;
				CLANG_CXX_LANGUAGE_STANDARD = "gnu++0x";
				CLANG_CXX_LIBRARY = "libc++";
				CLANG_ENABLE_MODULES = YES;
				CLANG_ENABLE_OBJC_ARC = YES;
				CLANG_WARN_BOOL_CONVERSION = YES;
				CLANG_WARN_CONSTANT_CONVERSION = YES;
				CLANG_WARN_DIRECT_OBJC_ISA_USAGE = YES_ERROR;
				CLANG_WARN_EMPTY_BODY = YES;
				CLANG_WARN_ENUM_CONVERSION = YES;
				CLANG_WARN_INT_CONVERSION = YES;
				CLANG_WARN_OBJC_ROOT_CLASS = YES_ERROR;
				CLANG_WARN_UNREACHABLE_CODE = YES;
				CLANG_WARN__DUPLICATE_METHOD_MATCH = YES;
				"CODE_SIGN_IDENTITY[sdk=iphoneos*]" = "iPhone Developer";
				COPY_PHASE_STRIP = NO;
				DEBUG_INFORMATION_FORMAT = "dwarf-with-dsym";
				ENABLE_NS_ASSERTIONS = NO;
				ENABLE_STRICT_OBJC_MSGSEND = YES;
				GCC_C_LANGUAGE_STANDARD = gnu99;
				GCC_NO_COMMON_BLOCKS = YES;
				GCC_WARN_64_TO_32_BIT_CONVERSION = YES;
				GCC_WARN_ABOUT_RETURN_TYPE = YES_ERROR;
				GCC_WARN_UNDECLARED_SELECTOR = YES;
				GCC_WARN_UNINITIALIZED_AUTOS = YES_AGGRESSIVE;
				GCC_WARN_UNUSED_FUNCTION = YES;
				GCC_WARN_UNUSED_VARIABLE = YES;
				IPHONEOS_DEPLOYMENT_TARGET = 9.1;
				MTL_ENABLE_DEBUG_INFO = NO;
				SDKROOT = iphoneos;
				TARGETED_DEVICE_FAMILY = "1,2";
				VALIDATE_PRODUCT = YES;
			};
			name = Release;
		};
		31A4FC811C1339E400A1CF70 /* Debug */ = {
			isa = XCBuildConfiguration;
			buildSettings = {
				ASSETCATALOG_COMPILER_APPICON_NAME = AppIcon;
				INFOPLIST_FILE = AudioRecord/Info.plist;
				LD_RUNPATH_SEARCH_PATHS = "$(inherited) @executable_path/Frameworks";
				PRODUCT_BUNDLE_IDENTIFIER = net.lnmcc.AudioRecord;
				PRODUCT_NAME = "$(TARGET_NAME)";
			};
			name = Debug;
		};
		31A4FC821C1339E400A1CF70 /* Release */ = {
			isa = XCBuildConfiguration;
			buildSettings = {
				ASSETCATALOG_COMPILER_APPICON_NAME = AppIcon;
				INFOPLIST_FILE = AudioRecord/Info.plist;
				LD_RUNPATH_SEARCH_PATHS = "$(inherited) @executable_path/Frameworks";
				PRODUCT_BUNDLE_IDENTIFIER = net.lnmcc.AudioRecord;
				PRODUCT_NAME = "$(TARGET_NAME)";
			};
			name = Release;
		};
/* End XCBuildConfiguration section */

/* Begin XCConfigurationList section */
		31A4FC641C1339E400A1CF70 /* Build configuration list for PBXProject "AudioRecord" */ = {
			isa = XCConfigurationList;
			buildConfigurations = (
				31A4FC7E1C1339E400A1CF70 /* Debug */,
				31A4FC7F1C1339E400A1CF70 /* Release */,
			);
			defaultConfigurationIsVisible = 0;
			defaultConfigurationName = Release;
		};
		31A4FC801C1339E400A1CF70 /* Build configuration list for PBXNativeTarget "AudioRecord" */ = {
			isa = XCConfigurationList;
			buildConfigurations = (
				31A4FC811C1339E400A1CF70 /* Debug */,
				31A4FC821C1339E400A1CF70 /* Release */,
			);
			defaultConfigurationIsVisible = 0;
		};
/* End XCConfigurationList section */
	};
	rootObject = 31A4FC611C1339E400A1CF70 /* Project object */;
}
