Microsoft Visual Studio Solution File, Format Version 8.00
Project("{8BC9CEB8-8B4A-11D0-8D11-00A0C91BC942}") = "27_Shadow", "27_Shadow.vcproj", "{2288DE28-CA1B-4F46-A6B8-F0417211B099}"
	ProjectSection(ProjectDependencies) = postProject
	EndProjectSection
EndProject
Global
	GlobalSection(SolutionConfiguration) = preSolution
		Debug = Debug
		Release = Release
	EndGlobalSection
	GlobalSection(ProjectConfiguration) = postSolution
		{2288DE28-CA1B-4F46-A6B8-F0417211B099}.Debug.ActiveCfg = Debug|Win32
		{2288DE28-CA1B-4F46-A6B8-F0417211B099}.Debug.Build.0 = Debug|Win32
		{2288DE28-CA1B-4F46-A6B8-F0417211B099}.Release.ActiveCfg = Release|Win32
		{2288DE28-CA1B-4F46-A6B8-F0417211B099}.Release.Build.0 = Release|Win32
	EndGlobalSection
	GlobalSection(ExtensibilityGlobals) = postSolution
	EndGlobalSection
	GlobalSection(ExtensibilityAddIns) = postSolution
	EndGlobalSection
EndGlobal
